// !$*UTF8*$!
{
	archiveVersion = 1;
	classes = {
	};
	objectVersion = 46;
	objects = {

/* Begin PBXBuildFile section */
		B608AD5E1DFBE00C008C0010 /* main.m in Sources */ = {isa = PBXBuildFile; fileRef = B608AD5D1DFBE00C008C0010 /* main.m */; };
		B608AD611DFBE00C008C0010 /* AppDelegate.m in Sources */ = {isa = PBXBuildFile; fileRef = B608AD601DFBE00C008C0010 /* AppDelegate.m */; };
		B608AD691DFBE00C008C0010 /* Assets.xcassets in Resources */ = {isa = PBXBuildFile; fileRef = B608AD681DFBE00C008C0010 /* Assets.xcassets */; };
		B608AD6C1DFBE00C008C0010 /* LaunchScreen.storyboard in Resources */ = {isa = PBXBuildFile; fileRef = B608AD6A1DFBE00C008C0010 /* LaunchScreen.storyboard */; };
		B608AD7B1DFBE49E008C0010 /* WebVC.m in Sources */ = {isa = PBXBuildFile; fileRef = B608AD7A1DFBE49E008C0010 /* WebVC.m */; };
		B608AD7E1DFBEE8F008C0010 /* AddressView.m in Sources */ = {isa = PBXBuildFile; fileRef = B608AD7D1DFBEE8F008C0010 /* AddressView.m */; };
		B608AD971DFBF021008C0010 /* MASCompositeConstraint.m in Sources */ = {isa = PBXBuildFile; fileRef = B608AD811DFBF021008C0010 /* MASCompositeConstraint.m */; };
		B608AD981DFBF021008C0010 /* MASConstraint.m in Sources */ = {isa = PBXBuildFile; fileRef = B608AD841DFBF021008C0010 /* MASConstraint.m */; };
		B608AD991DFBF021008C0010 /* MASConstraintMaker.m in Sources */ = {isa = PBXBuildFile; fileRef = B608AD861DFBF021008C0010 /* MASConstraintMaker.m */; };
		B608AD9A1DFBF021008C0010 /* MASLayoutConstraint.m in Sources */ = {isa = PBXBuildFile; fileRef = B608AD881DFBF021008C0010 /* MASLayoutConstraint.m */; };
		B608AD9B1DFBF021008C0010 /* MASViewAttribute.m in Sources */ = {isa = PBXBuildFile; fileRef = B608AD8C1DFBF021008C0010 /* MASViewAttribute.m */; };
		B608AD9C1DFBF021008C0010 /* MASViewConstraint.m in Sources */ = {isa = PBXBuildFile; fileRef = B608AD8E1DFBF021008C0010 /* MASViewConstraint.m */; };
		B608AD9D1DFBF021008C0010 /* NSArray+MASAdditions.m in Sources */ = {isa = PBXBuildFile; fileRef = B608AD901DFBF021008C0010 /* NSArray+MASAdditions.m */; };
		B608AD9E1DFBF021008C0010 /* NSLayoutConstraint+MASDebugAdditions.m in Sources */ = {isa = PBXBuildFile; fileRef = B608AD931DFBF021008C0010 /* NSLayoutConstraint+MASDebugAdditions.m */; };
		B608AD9F1DFBF021008C0010 /* View+MASAdditions.m in Sources */ = {isa = PBXBuildFile; fileRef = B608AD951DFBF021008C0010 /* View+MASAdditions.m */; };
		B608ADA21DFF08F4008C0010 /* SetUpAboutKeyboard.m in Sources */ = {isa = PBXBuildFile; fileRef = B608ADA11DFF08F4008C0010 /* SetUpAboutKeyboard.m */; };
		B64975521E0EB0CD006F1652 /* PagesFunctionView.m in Sources */ = {isa = PBXBuildFile; fileRef = B64975511E0EB0CD006F1652 /* PagesFunctionView.m */; };
		B64975551E0EB112006F1652 /* WebView.m in Sources */ = {isa = PBXBuildFile; fileRef = B64975541E0EB112006F1652 /* WebView.m */; };
		B6E5C8E21E1232F4004F8635 /* DataCollection.m in Sources */ = {isa = PBXBuildFile; fileRef = B6E5C8E11E1232F4004F8635 /* DataCollection.m */; };
		B6E5C8E51E123C6C004F8635 /* WebPageView.m in Sources */ = {isa = PBXBuildFile; fileRef = B6E5C8E41E123C6C004F8635 /* WebPageView.m */; };
		B6E5C8E81E123D1F004F8635 /* WebPagesVC.m in Sources */ = {isa = PBXBuildFile; fileRef = B6E5C8E71E123D1F004F8635 /* WebPagesVC.m */; };
		B6E5C8ED1E1265CD004F8635 /* WebPageLayout.m in Sources */ = {isa = PBXBuildFile; fileRef = B6E5C8EC1E1265CD004F8635 /* WebPageLayout.m */; };
		B6E648381E114B01000201D1 /* NSObject+Description.m in Sources */ = {isa = PBXBuildFile; fileRef = B6E648371E114B01000201D1 /* NSObject+Description.m */; };
		B6F26F201E0D578C00A50825 /* FunctionView.m in Sources */ = {isa = PBXBuildFile; fileRef = B6F26F1F1E0D578C00A50825 /* FunctionView.m */; };
/* End PBXBuildFile section */

/* Begin PBXFileReference section */
		B608AD591DFBE00C008C0010 /* ZKBrowser.app */ = {isa = PBXFileReference; explicitFileType = wrapper.application; includeInIndex = 0; path = ZKBrowser.app; sourceTree = BUILT_PRODUCTS_DIR; };
		B608AD5D1DFBE00C008C0010 /* main.m */ = {isa = PBXFileReference; lastKnownFileType = sourcecode.c.objc; path = main.m; sourceTree = "<group>"; };
		B608AD5F1DFBE00C008C0010 /* AppDelegate.h */ = {isa = PBXFileReference; lastKnownFileType = sourcecode.c.h; path = AppDelegate.h; sourceTree = "<group>"; };
		B608AD601DFBE00C008C0010 /* AppDelegate.m */ = {isa = PBXFileReference; lastKnownFileType = sourcecode.c.objc; path = AppDelegate.m; sourceTree = "<group>"; };
		B608AD681DFBE00C008C0010 /* Assets.xcassets */ = {isa = PBXFileReference; lastKnownFileType = folder.assetcatalog; path = Assets.xcassets; sourceTree = "<group>"; };
		B608AD6B1DFBE00C008C0010 /* Base */ = {isa = PBXFileReference; lastKnownFileType = file.storyboard; name = Base; path = Base.lproj/LaunchScreen.storyboard; sourceTree = "<group>"; };
		B608AD6D1DFBE00C008C0010 /* Info.plist */ = {isa = PBXFileReference; lastKnownFileType = text.plist.xml; path = Info.plist; sourceTree = "<group>"; };
		B608AD791DFBE49E008C0010 /* WebVC.h */ = {isa = PBXFileReference; fileEncoding = 4; lastKnownFileType = sourcecode.c.h; path = WebVC.h; sourceTree = "<group>"; };
		B608AD7A1DFBE49E008C0010 /* WebVC.m */ = {isa = PBXFileReference; fileEncoding = 4; lastKnownFileType = sourcecode.c.objc; path = WebVC.m; sourceTree = "<group>"; };
		B608AD7C1DFBEE8F008C0010 /* AddressView.h */ = {isa = PBXFileReference; fileEncoding = 4; lastKnownFileType = sourcecode.c.h; path = AddressView.h; sourceTree = "<group>"; };
		B608AD7D1DFBEE8F008C0010 /* AddressView.m */ = {isa = PBXFileReference; fileEncoding = 4; lastKnownFileType = sourcecode.c.objc; path = AddressView.m; sourceTree = "<group>"; };
		B608AD801DFBF021008C0010 /* MASCompositeConstraint.h */ = {isa = PBXFileReference; fileEncoding = 4; lastKnownFileType = sourcecode.c.h; path = MASCompositeConstraint.h; sourceTree = "<group>"; };
		B608AD811DFBF021008C0010 /* MASCompositeConstraint.m */ = {isa = PBXFileReference; fileEncoding = 4; lastKnownFileType = sourcecode.c.objc; path = MASCompositeConstraint.m; sourceTree = "<group>"; };
		B608AD821DFBF021008C0010 /* MASConstraint+Private.h */ = {isa = PBXFileReference; fileEncoding = 4; lastKnownFileType = sourcecode.c.h; path = "MASConstraint+Private.h"; sourceTree = "<group>"; };
		B608AD831DFBF021008C0010 /* MASConstraint.h */ = {isa = PBXFileReference; fileEncoding = 4; lastKnownFileType = sourcecode.c.h; path = MASConstraint.h; sourceTree = "<group>"; };
		B608AD841DFBF021008C0010 /* MASConstraint.m */ = {isa = PBXFileReference; fileEncoding = 4; lastKnownFileType = sourcecode.c.objc; path = MASConstraint.m; sourceTree = "<group>"; };
		B608AD851DFBF021008C0010 /* MASConstraintMaker.h */ = {isa = PBXFileReference; fileEncoding = 4; lastKnownFileType = sourcecode.c.h; path = MASConstraintMaker.h; sourceTree = "<group>"; };
		B608AD861DFBF021008C0010 /* MASConstraintMaker.m */ = {isa = PBXFileReference; fileEncoding = 4; lastKnownFileType = sourcecode.c.objc; path = MASConstraintMaker.m; sourceTree = "<group>"; };
		B608AD871DFBF021008C0010 /* MASLayoutConstraint.h */ = {isa = PBXFileReference; fileEncoding = 4; lastKnownFileType = sourcecode.c.h; path = MASLayoutConstraint.h; sourceTree = "<group>"; };
		B608AD881DFBF021008C0010 /* MASLayoutConstraint.m */ = {isa = PBXFileReference; fileEncoding = 4; lastKnownFileType = sourcecode.c.objc; path = MASLayoutConstraint.m; sourceTree = "<group>"; };
		B608AD891DFBF021008C0010 /* Masonry.h */ = {isa = PBXFileReference; fileEncoding = 4; lastKnownFileType = sourcecode.c.h; path = Masonry.h; sourceTree = "<group>"; };
		B608AD8A1DFBF021008C0010 /* MASUtilities.h */ = {isa = PBXFileReference; fileEncoding = 4; lastKnownFileType = sourcecode.c.h; path = MASUtilities.h; sourceTree = "<group>"; };
		B608AD8B1DFBF021008C0010 /* MASViewAttribute.h */ = {isa = PBXFileReference; fileEncoding = 4; lastKnownFileType = sourcecode.c.h; path = MASViewAttribute.h; sourceTree = "<group>"; };
		B608AD8C1DFBF021008C0010 /* MASViewAttribute.m */ = {isa = PBXFileReference; fileEncoding = 4; lastKnownFileType = sourcecode.c.objc; path = MASViewAttribute.m; sourceTree = "<group>"; };
		B608AD8D1DFBF021008C0010 /* MASViewConstraint.h */ = {isa = PBXFileReference; fileEncoding = 4; lastKnownFileType = sourcecode.c.h; path = MASViewConstraint.h; sourceTree = "<group>"; };
		B608AD8E1DFBF021008C0010 /* MASViewConstraint.m */ = {isa = PBXFileReference; fileEncoding = 4; lastKnownFileType = sourcecode.c.objc; path = MASViewConstraint.m; sourceTree = "<group>"; };
		B608AD8F1DFBF021008C0010 /* NSArray+MASAdditions.h */ = {isa = PBXFileReference; fileEncoding = 4; lastKnownFileType = sourcecode.c.h; path = "NSArray+MASAdditions.h"; sourceTree = "<group>"; };
		B608AD901DFBF021008C0010 /* NSArray+MASAdditions.m */ = {isa = PBXFileReference; fileEncoding = 4; lastKnownFileType = sourcecode.c.objc; path = "NSArray+MASAdditions.m"; sourceTree = "<group>"; };
		B608AD911DFBF021008C0010 /* NSArray+MASShorthandAdditions.h */ = {isa = PBXFileReference; fileEncoding = 4; lastKnownFileType = sourcecode.c.h; path = "NSArray+MASShorthandAdditions.h"; sourceTree = "<group>"; };
		B608AD921DFBF021008C0010 /* NSLayoutConstraint+MASDebugAdditions.h */ = {isa = PBXFileReference; fileEncoding = 4; lastKnownFileType = sourcecode.c.h; path = "NSLayoutConstraint+MASDebugAdditions.h"; sourceTree = "<group>"; };
		B608AD931DFBF021008C0010 /* NSLayoutConstraint+MASDebugAdditions.m */ = {isa = PBXFileReference; fileEncoding = 4; lastKnownFileType = sourcecode.c.objc; path = "NSLayoutConstraint+MASDebugAdditions.m"; sourceTree = "<group>"; };
		B608AD941DFBF021008C0010 /* View+MASAdditions.h */ = {isa = PBXFileReference; fileEncoding = 4; lastKnownFileType = sourcecode.c.h; path = "View+MASAdditions.h"; sourceTree = "<group>"; };
		B608AD951DFBF021008C0010 /* View+MASAdditions.m */ = {isa = PBXFileReference; fileEncoding = 4; lastKnownFileType = sourcecode.c.objc; path = "View+MASAdditions.m"; sourceTree = "<group>"; };
		B608AD961DFBF021008C0010 /* View+MASShorthandAdditions.h */ = {isa = PBXFileReference; fileEncoding = 4; lastKnownFileType = sourcecode.c.h; path = "View+MASShorthandAdditions.h"; sourceTree = "<group>"; };
		B608ADA01DFF08F4008C0010 /* SetUpAboutKeyboard.h */ = {isa = PBXFileReference; fileEncoding = 4; lastKnownFileType = sourcecode.c.h; path = SetUpAboutKeyboard.h; sourceTree = "<group>"; };
		B608ADA11DFF08F4008C0010 /* SetUpAboutKeyboard.m */ = {isa = PBXFileReference; fileEncoding = 4; lastKnownFileType = sourcecode.c.objc; path = SetUpAboutKeyboard.m; sourceTree = "<group>"; };
		B64975501E0EB0CD006F1652 /* PagesFunctionView.h */ = {isa = PBXFileReference; fileEncoding = 4; lastKnownFileType = sourcecode.c.h; path = PagesFunctionView.h; sourceTree = "<group>"; };
		B64975511E0EB0CD006F1652 /* PagesFunctionView.m */ = {isa = PBXFileReference; fileEncoding = 4; lastKnownFileType = sourcecode.c.objc; path = PagesFunctionView.m; sourceTree = "<group>"; };
		B64975531E0EB112006F1652 /* WebView.h */ = {isa = PBXFileReference; fileEncoding = 4; lastKnownFileType = sourcecode.c.h; path = WebView.h; sourceTree = "<group>"; };
		B64975541E0EB112006F1652 /* WebView.m */ = {isa = PBXFileReference; fileEncoding = 4; lastKnownFileType = sourcecode.c.objc; path = WebView.m; sourceTree = "<group>"; };
		B6E5C8E01E1232F4004F8635 /* DataCollection.h */ = {isa = PBXFileReference; fileEncoding = 4; lastKnownFileType = sourcecode.c.h; path = DataCollection.h; sourceTree = "<group>"; };
		B6E5C8E11E1232F4004F8635 /* DataCollection.m */ = {isa = PBXFileReference; fileEncoding = 4; lastKnownFileType = sourcecode.c.objc; path = DataCollection.m; sourceTree = "<group>"; };
		B6E5C8E31E123C6C004F8635 /* WebPageView.h */ = {isa = PBXFileReference; fileEncoding = 4; lastKnownFileType = sourcecode.c.h; path = WebPageView.h; sourceTree = "<group>"; };
		B6E5C8E41E123C6C004F8635 /* WebPageView.m */ = {isa = PBXFileReference; fileEncoding = 4; lastKnownFileType = sourcecode.c.objc; path = WebPageView.m; sourceTree = "<group>"; };
		B6E5C8E61E123D1F004F8635 /* WebPagesVC.h */ = {isa = PBXFileReference; fileEncoding = 4; lastKnownFileType = sourcecode.c.h; path = WebPagesVC.h; sourceTree = "<group>"; };
		B6E5C8E71E123D1F004F8635 /* WebPagesVC.m */ = {isa = PBXFileReference; fileEncoding = 4; lastKnownFileType = sourcecode.c.objc; path = WebPagesVC.m; sourceTree = "<group>"; };
		B6E5C8EB1E1265CD004F8635 /* WebPageLayout.h */ = {isa = PBXFileReference; fileEncoding = 4; lastKnownFileType = sourcecode.c.h; path = WebPageLayout.h; sourceTree = "<group>"; };
		B6E5C8EC1E1265CD004F8635 /* WebPageLayout.m */ = {isa = PBXFileReference; fileEncoding = 4; lastKnownFileType = sourcecode.c.objc; path = WebPageLayout.m; sourceTree = "<group>"; };
		B6E648361E114B01000201D1 /* NSObject+Description.h */ = {isa = PBXFileReference; fileEncoding = 4; lastKnownFileType = sourcecode.c.h; path = "NSObject+Description.h"; sourceTree = "<group>"; };
		B6E648371E114B01000201D1 /* NSObject+Description.m */ = {isa = PBXFileReference; fileEncoding = 4; lastKnownFileType = sourcecode.c.objc; path = "NSObject+Description.m"; sourceTree = "<group>"; };
		B6F26F1E1E0D578C00A50825 /* FunctionView.h */ = {isa = PBXFileReference; fileEncoding = 4; lastKnownFileType = sourcecode.c.h; path = FunctionView.h; sourceTree = "<group>"; };
		B6F26F1F1E0D578C00A50825 /* FunctionView.m */ = {isa = PBXFileReference; fileEncoding = 4; lastKnownFileType = sourcecode.c.objc; path = FunctionView.m; sourceTree = "<group>"; };
/* End PBXFileReference section */

/* Begin PBXFrameworksBuildPhase section */
		B608AD561DFBE00C008C0010 /* Frameworks */ = {
			isa = PBXFrameworksBuildPhase;
			buildActionMask = 2147483647;
			files = (
			);
			runOnlyForDeploymentPostprocessing = 0;
		};
/* End PBXFrameworksBuildPhase section */

/* Begin PBXGroup section */
		B608AD501DFBE00C008C0010 = {
			isa = PBXGroup;
			children = (
				B608AD5B1DFBE00C008C0010 /* ZKBrowser */,
				B608AD5A1DFBE00C008C0010 /* Products */,
			);
			sourceTree = "<group>";
		};
		B608AD5A1DFBE00C008C0010 /* Products */ = {
			isa = PBXGroup;
			children = (
				B608AD591DFBE00C008C0010 /* ZKBrowser.app */,
			);
			name = Products;
			sourceTree = "<group>";
		};
		B608AD5B1DFBE00C008C0010 /* ZKBrowser */ = {
			isa = PBXGroup;
			children = (
				B608AD7F1DFBF021008C0010 /* Masonry */,
				B608AD5F1DFBE00C008C0010 /* AppDelegate.h */,
				B608AD601DFBE00C008C0010 /* AppDelegate.m */,
				B608ADA01DFF08F4008C0010 /* SetUpAboutKeyboard.h */,
				B608ADA11DFF08F4008C0010 /* SetUpAboutKeyboard.m */,
				B608AD681DFBE00C008C0010 /* Assets.xcassets */,
				B608AD6A1DFBE00C008C0010 /* LaunchScreen.storyboard */,
				B608AD6D1DFBE00C008C0010 /* Info.plist */,
				B608AD5C1DFBE00C008C0010 /* Supporting Files */,
				B6E5C8EA1E123D3D004F8635 /* WebVC */,
				B6E5C8E91E123D2F004F8635 /* WebPagesVC */,
				B6E5C8E01E1232F4004F8635 /* DataCollection.h */,
				B6E5C8E11E1232F4004F8635 /* DataCollection.m */,
				B6E648361E114B01000201D1 /* NSObject+Description.h */,
				B6E648371E114B01000201D1 /* NSObject+Description.m */,
			);
			path = ZKBrowser;
			sourceTree = "<group>";
		};
		B608AD5C1DFBE00C008C0010 /* Supporting Files */ = {
			isa = PBXGroup;
			children = (
				B608AD5D1DFBE00C008C0010 /* main.m */,
			);
			name = "Supporting Files";
			sourceTree = "<group>";
		};
		B608AD7F1DFBF021008C0010 /* Masonry */ = {
			isa = PBXGroup;
			children = (
				B608AD801DFBF021008C0010 /* MASCompositeConstraint.h */,
				B608AD811DFBF021008C0010 /* MASCompositeConstraint.m */,
				B608AD821DFBF021008C0010 /* MASConstraint+Private.h */,
				B608AD831DFBF021008C0010 /* MASConstraint.h */,
				B608AD841DFBF021008C0010 /* MASConstraint.m */,
				B608AD851DFBF021008C0010 /* MASConstraintMaker.h */,
				B608AD861DFBF021008C0010 /* MASConstraintMaker.m */,
				B608AD871DFBF021008C0010 /* MASLayoutConstraint.h */,
				B608AD881DFBF021008C0010 /* MASLayoutConstraint.m */,
				B608AD891DFBF021008C0010 /* Masonry.h */,
				B608AD8A1DFBF021008C0010 /* MASUtilities.h */,
				B608AD8B1DFBF021008C0010 /* MASViewAttribute.h */,
				B608AD8C1DFBF021008C0010 /* MASViewAttribute.m */,
				B608AD8D1DFBF021008C0010 /* MASViewConstraint.h */,
				B608AD8E1DFBF021008C0010 /* MASViewConstraint.m */,
				B608AD8F1DFBF021008C0010 /* NSArray+MASAdditions.h */,
				B608AD901DFBF021008C0010 /* NSArray+MASAdditions.m */,
				B608AD911DFBF021008C0010 /* NSArray+MASShorthandAdditions.h */,
				B608AD921DFBF021008C0010 /* NSLayoutConstraint+MASDebugAdditions.h */,
				B608AD931DFBF021008C0010 /* NSLayoutConstraint+MASDebugAdditions.m */,
				B608AD941DFBF021008C0010 /* View+MASAdditions.h */,
				B608AD951DFBF021008C0010 /* View+MASAdditions.m */,
				B608AD961DFBF021008C0010 /* View+MASShorthandAdditions.h */,
			);
			path = Masonry;
			sourceTree = "<group>";
		};
		B6E5C8E91E123D2F004F8635 /* WebPagesVC */ = {
			isa = PBXGroup;
			children = (
				B6E5C8E61E123D1F004F8635 /* WebPagesVC.h */,
				B6E5C8E71E123D1F004F8635 /* WebPagesVC.m */,
				B6E5C8E31E123C6C004F8635 /* WebPageView.h */,
				B6E5C8E41E123C6C004F8635 /* WebPageView.m */,
				B64975501E0EB0CD006F1652 /* PagesFunctionView.h */,
				B64975511E0EB0CD006F1652 /* PagesFunctionView.m */,
				B6E5C8EB1E1265CD004F8635 /* WebPageLayout.h */,
				B6E5C8EC1E1265CD004F8635 /* WebPageLayout.m */,
			);
			name = WebPagesVC;
			sourceTree = "<group>";
		};
		B6E5C8EA1E123D3D004F8635 /* WebVC */ = {
			isa = PBXGroup;
			children = (
				B608AD791DFBE49E008C0010 /* WebVC.h */,
				B608AD7A1DFBE49E008C0010 /* WebVC.m */,
				B64975531E0EB112006F1652 /* WebView.h */,
				B64975541E0EB112006F1652 /* WebView.m */,
				B608AD7C1DFBEE8F008C0010 /* AddressView.h */,
				B608AD7D1DFBEE8F008C0010 /* AddressView.m */,
				B6F26F1E1E0D578C00A50825 /* FunctionView.h */,
				B6F26F1F1E0D578C00A50825 /* FunctionView.m */,
			);
			name = WebVC;
			sourceTree = "<group>";
		};
/* End PBXGroup section */

/* Begin PBXNativeTarget section */
		B608AD581DFBE00C008C0010 /* ZKBrowser */ = {
			isa = PBXNativeTarget;
			buildConfigurationList = B608AD701DFBE00C008C0010 /* Build configuration list for PBXNativeTarget "ZKBrowser" */;
			buildPhases = (
				B608AD551DFBE00C008C0010 /* Sources */,
				B608AD561DFBE00C008C0010 /* Frameworks */,
				B608AD571DFBE00C008C0010 /* Resources */,
			);
			buildRules = (
			);
			dependencies = (
			);
			name = ZKBrowser;
			productName = ZKBrowser;
			productReference = B608AD591DFBE00C008C0010 /* ZKBrowser.app */;
			productType = "com.apple.product-type.application";
		};
/* End PBXNativeTarget section */

/* Begin PBXProject section */
		B608AD511DFBE00C008C0010 /* Project object */ = {
			isa = PBXProject;
			attributes = {
				LastUpgradeCheck = 0800;
				ORGANIZATIONNAME = "周桐";
				TargetAttributes = {
					B608AD581DFBE00C008C0010 = {
						CreatedOnToolsVersion = 8.0;
						DevelopmentTeam = 4E33RF5MGJ;
						ProvisioningStyle = Automatic;
					};
				};
			};
			buildConfigurationList = B608AD541DFBE00C008C0010 /* Build configuration list for PBXProject "ZKBrowser" */;
			compatibilityVersion = "Xcode 3.2";
			developmentRegion = English;
			hasScannedForEncodings = 0;
			knownRegions = (
				en,
				Base,
			);
			mainGroup = B608AD501DFBE00C008C0010;
			productRefGroup = B608AD5A1DFBE00C008C0010 /* Products */;
			projectDirPath = "";
			projectRoot = "";
			targets = (
				B608AD581DFBE00C008C0010 /* ZKBrowser */,
			);
		};
/* End PBXProject section */

/* Begin PBXResourcesBuildPhase section */
		B608AD571DFBE00C008C0010 /* Resources */ = {
			isa = PBXResourcesBuildPhase;
			buildActionMask = 2147483647;
			files = (
				B608AD6C1DFBE00C008C0010 /* LaunchScreen.storyboard in Resources */,
				B608AD691DFBE00C008C0010 /* Assets.xcassets in Resources */,
			);
			runOnlyForDeploymentPostprocessing = 0;
		};
/* End PBXResourcesBuildPhase section */

/* Begin PBXSourcesBuildPhase section */
		B608AD551DFBE00C008C0010 /* Sources */ = {
			isa = PBXSourcesBuildPhase;
			buildActionMask = 2147483647;
			files = (
				B608AD981DFBF021008C0010 /* MASConstraint.m in Sources */,
				B6E5C8ED1E1265CD004F8635 /* WebPageLayout.m in Sources */,
				B608AD9B1DFBF021008C0010 /* MASViewAttribute.m in Sources */,
				B6E648381E114B01000201D1 /* NSObject+Description.m in Sources */,
				B608AD9D1DFBF021008C0010 /* NSArray+MASAdditions.m in Sources */,
				B608AD7B1DFBE49E008C0010 /* WebVC.m in Sources */,
				B608AD9C1DFBF021008C0010 /* MASViewConstraint.m in Sources */,
				B6E5C8E51E123C6C004F8635 /* WebPageView.m in Sources */,
				B64975521E0EB0CD006F1652 /* PagesFunctionView.m in Sources */,
				B608AD9A1DFBF021008C0010 /* MASLayoutConstraint.m in Sources */,
				B64975551E0EB112006F1652 /* WebView.m in Sources */,
				B6E5C8E81E123D1F004F8635 /* WebPagesVC.m in Sources */,
				B6E5C8E21E1232F4004F8635 /* DataCollection.m in Sources */,
				B608AD9F1DFBF021008C0010 /* View+MASAdditions.m in Sources */,
				B608AD971DFBF021008C0010 /* MASCompositeConstraint.m in Sources */,
				B608AD9E1DFBF021008C0010 /* NSLayoutConstraint+MASDebugAdditions.m in Sources */,
				B6F26F201E0D578C00A50825 /* FunctionView.m in Sources */,
				B608AD991DFBF021008C0010 /* MASConstraintMaker.m in Sources */,
				B608ADA21DFF08F4008C0010 /* SetUpAboutKeyboard.m in Sources */,
				B608AD7E1DFBEE8F008C0010 /* AddressView.m in Sources */,
				B608AD611DFBE00C008C0010 /* AppDelegate.m in Sources */,
				B608AD5E1DFBE00C008C0010 /* main.m in Sources */,
			);
			runOnlyForDeploymentPostprocessing = 0;
		};
/* End PBXSourcesBuildPhase section */

/* Begin PBXVariantGroup section */
		B608AD6A1DFBE00C008C0010 /* LaunchScreen.storyboard */ = {
			isa = PBXVariantGroup;
			children = (
				B608AD6B1DFBE00C008C0010 /* Base */,
			);
			name = LaunchScreen.storyboard;
			sourceTree = "<group>";
		};
/* End PBXVariantGroup section */

/* Begin XCBuildConfiguration section */
		B608AD6E1DFBE00C008C0010 /* Debug */ = {
			isa = XCBuildConfiguration;
			buildSettings = {
				ALWAYS_SEARCH_USER_PATHS = NO;
				CLANG_ANALYZER_NONNULL = YES;
				CLANG_CXX_LANGUAGE_STANDARD = "gnu++0x";
				CLANG_CXX_LIBRARY = "libc++";
				CLANG_ENABLE_MODULES = YES;
				CLANG_ENABLE_OBJC_ARC = YES;
				CLANG_WARN_BOOL_CONVERSION = YES;
				CLANG_WARN_CONSTANT_CONVERSION = YES;
				CLANG_WARN_DIRECT_OBJC_ISA_USAGE = YES_ERROR;
				CLANG_WARN_DOCUMENTATION_COMMENTS = YES;
				CLANG_WARN_EMPTY_BODY = YES;
				CLANG_WARN_ENUM_CONVERSION = YES;
				CLANG_WARN_INFINITE_RECURSION = YES;
				CLANG_WARN_INT_CONVERSION = YES;
				CLANG_WARN_OBJC_ROOT_CLASS = YES_ERROR;
				CLANG_WARN_SUSPICIOUS_MOVES = YES;
				CLANG_WARN_UNREACHABLE_CODE = YES;
				CLANG_WARN__DUPLICATE_METHOD_MATCH = YES;
				"CODE_SIGN_IDENTITY[sdk=iphoneos*]" = "iPhone Developer";
				COPY_PHASE_STRIP = NO;
				DEBUG_INFORMATION_FORMAT = dwarf;
				ENABLE_STRICT_OBJC_MSGSEND = YES;
				ENABLE_TESTABILITY = YES;
				GCC_C_LANGUAGE_STANDARD = gnu99;
				GCC_DYNAMIC_NO_PIC = NO;
				GCC_NO_COMMON_BLOCKS = YES;
				GCC_OPTIMIZATION_LEVEL = 0;
				GCC_PREPROCESSOR_DEFINITIONS = (
					"DEBUG=1",
					"$(inherited)",
				);
				GCC_WARN_64_TO_32_BIT_CONVERSION = YES;
				GCC_WARN_ABOUT_RETURN_TYPE = YES_ERROR;
				GCC_WARN_UNDECLARED_SELECTOR = YES;
				GCC_WARN_UNINITIALIZED_AUTOS = YES_AGGRESSIVE;
				GCC_WARN_UNUSED_FUNCTION = YES;
				GCC_WARN_UNUSED_VARIABLE = YES;
				IPHONEOS_DEPLOYMENT_TARGET = 10.0;
				MTL_ENABLE_DEBUG_INFO = YES;
				ONLY_ACTIVE_ARCH = YES;
				SDKROOT = iphoneos;
			};
			name = Debug;
		};
		B608AD6F1DFBE00C008C0010 /* Release */ = {
			isa = XCBuildConfiguration;
			buildSettings = {
				ALWAYS_SEARCH_USER_PATHS = NO;
				CLANG_ANALYZER_NONNULL = YES;
				CLANG_CXX_LANGUAGE_STANDARD = "gnu++0x";
				CLANG_CXX_LIBRARY = "libc++";
				CLANG_ENABLE_MODULES = YES;
				CLANG_ENABLE_OBJC_ARC = YES;
				CLANG_WARN_BOOL_CONVERSION = YES;
				CLANG_WARN_CONSTANT_CONVERSION = YES;
				CLANG_WARN_DIRECT_OBJC_ISA_USAGE = YES_ERROR;
				CLANG_WARN_DOCUMENTATION_COMMENTS = YES;
				CLANG_WARN_EMPTY_BODY = YES;
				CLANG_WARN_ENUM_CONVERSION = YES;
				CLANG_WARN_INFINITE_RECURSION = YES;
				CLANG_WARN_INT_CONVERSION = YES;
				CLANG_WARN_OBJC_ROOT_CLASS = YES_ERROR;
				CLANG_WARN_SUSPICIOUS_MOVES = YES;
				CLANG_WARN_UNREACHABLE_CODE = YES;
				CLANG_WARN__DUPLICATE_METHOD_MATCH = YES;
				"CODE_SIGN_IDENTITY[sdk=iphoneos*]" = "iPhone Developer";
				COPY_PHASE_STRIP = NO;
				DEBUG_INFORMATION_FORMAT = "dwarf-with-dsym";
				ENABLE_NS_ASSERTIONS = NO;
				ENABLE_STRICT_OBJC_MSGSEND = YES;
				GCC_C_LANGUAGE_STANDARD = gnu99;
				GCC_NO_COMMON_BLOCKS = YES;
				GCC_WARN_64_TO_32_BIT_CONVERSION = YES;
				GCC_WARN_ABOUT_RETURN_TYPE = YES_ERROR;
				GCC_WARN_UNDECLARED_SELECTOR = YES;
				GCC_WARN_UNINITIALIZED_AUTOS = YES_AGGRESSIVE;
				GCC_WARN_UNUSED_FUNCTION = YES;
				GCC_WARN_UNUSED_VARIABLE = YES;
				IPHONEOS_DEPLOYMENT_TARGET = 10.0;
				MTL_ENABLE_DEBUG_INFO = NO;
				SDKROOT = iphoneos;
				VALIDATE_PRODUCT = YES;
			};
			name = Release;
		};
		B608AD711DFBE00C008C0010 /* Debug */ = {
			isa = XCBuildConfiguration;
			buildSettings = {
				ASSETCATALOG_COMPILER_APPICON_NAME = AppIcon;
				DEVELOPMENT_TEAM = 4E33RF5MGJ;
				INFOPLIST_FILE = ZKBrowser/Info.plist;
				LD_RUNPATH_SEARCH_PATHS = "$(inherited) @executable_path/Frameworks";
				PRODUCT_BUNDLE_IDENTIFIER = Zac.ZKBrowser;
				PRODUCT_NAME = "$(TARGET_NAME)";
			};
			name = Debug;
		};
		B608AD721DFBE00C008C0010 /* Release */ = {
			isa = XCBuildConfiguration;
			buildSettings = {
				ASSETCATALOG_COMPILER_APPICON_NAME = AppIcon;
				DEVELOPMENT_TEAM = 4E33RF5MGJ;
				INFOPLIST_FILE = ZKBrowser/Info.plist;
				LD_RUNPATH_SEARCH_PATHS = "$(inherited) @executable_path/Frameworks";
				PRODUCT_BUNDLE_IDENTIFIER = Zac.ZKBrowser;
				PRODUCT_NAME = "$(TARGET_NAME)";
			};
			name = Release;
		};
/* End XCBuildConfiguration section */

/* Begin XCConfigurationList section */
		B608AD541DFBE00C008C0010 /* Build configuration list for PBXProject "ZKBrowser" */ = {
			isa = XCConfigurationList;
			buildConfigurations = (
				B608AD6E1DFBE00C008C0010 /* Debug */,
				B608AD6F1DFBE00C008C0010 /* Release */,
			);
			defaultConfigurationIsVisible = 0;
			defaultConfigurationName = Release;
		};
		B608AD701DFBE00C008C0010 /* Build configuration list for PBXNativeTarget "ZKBrowser" */ = {
			isa = XCConfigurationList;
			buildConfigurations = (
				B608AD711DFBE00C008C0010 /* Debug */,
				B608AD721DFBE00C008C0010 /* Release */,
			);
			defaultConfigurationIsVisible = 0;
			defaultConfigurationName = Release;
		};
/* End XCConfigurationList section */
	};
	rootObject = B608AD511DFBE00C008C0010 /* Project object */;
}
