// !$*UTF8*$!
{
	archiveVersion = 1;
	classes = {
	};
	objectVersion = 46;
	objects = {

/* Begin PBXBuildFile section */
		112C5E1A1E373B290047DFB4 /* ContextMenu.js in Resources */ = {isa = PBXBuildFile; fileRef = 112C5E191E373B290047DFB4 /* ContextMenu.js */; };
		112C5E601E3844640047DFB4 /* getElementFromPoint.js in Resources */ = {isa = PBXBuildFile; fileRef = 112C5E5F1E3844640047DFB4 /* getElementFromPoint.js */; };
		115209391E9B86B40043E671 /* AddressView.xib in Resources */ = {isa = PBXBuildFile; fileRef = 115209321E9B86B40043E671 /* AddressView.xib */; };
		1152093A1E9B86B40043E671 /* ZTAddressBar.m in Sources */ = {isa = PBXBuildFile; fileRef = 115209341E9B86B40043E671 /* ZTAddressBar.m */; };
		1152093B1E9B86B40043E671 /* ZTAddressView.m in Sources */ = {isa = PBXBuildFile; fileRef = 115209361E9B86B40043E671 /* ZTAddressView.m */; };
		1152093C1E9B86B40043E671 /* ZTPickEngineView.m in Sources */ = {isa = PBXBuildFile; fileRef = 115209381E9B86B40043E671 /* ZTPickEngineView.m */; };
		1152097D1E9B89880043E671 /* MASCompositeConstraint.m in Sources */ = {isa = PBXBuildFile; fileRef = 115209671E9B89880043E671 /* MASCompositeConstraint.m */; };
		1152097E1E9B89880043E671 /* MASCompositeConstraint.m in Sources */ = {isa = PBXBuildFile; fileRef = 115209671E9B89880043E671 /* MASCompositeConstraint.m */; };
		1152097F1E9B89880043E671 /* MASCompositeConstraint.m in Sources */ = {isa = PBXBuildFile; fileRef = 115209671E9B89880043E671 /* MASCompositeConstraint.m */; };
		115209801E9B89880043E671 /* MASConstraint.m in Sources */ = {isa = PBXBuildFile; fileRef = 1152096A1E9B89880043E671 /* MASConstraint.m */; };
		115209811E9B89880043E671 /* MASConstraint.m in Sources */ = {isa = PBXBuildFile; fileRef = 1152096A1E9B89880043E671 /* MASConstraint.m */; };
		115209821E9B89880043E671 /* MASConstraint.m in Sources */ = {isa = PBXBuildFile; fileRef = 1152096A1E9B89880043E671 /* MASConstraint.m */; };
		115209831E9B89880043E671 /* MASConstraintMaker.m in Sources */ = {isa = PBXBuildFile; fileRef = 1152096C1E9B89880043E671 /* MASConstraintMaker.m */; };
		115209841E9B89880043E671 /* MASConstraintMaker.m in Sources */ = {isa = PBXBuildFile; fileRef = 1152096C1E9B89880043E671 /* MASConstraintMaker.m */; };
		115209851E9B89880043E671 /* MASConstraintMaker.m in Sources */ = {isa = PBXBuildFile; fileRef = 1152096C1E9B89880043E671 /* MASConstraintMaker.m */; };
		115209861E9B89880043E671 /* MASLayoutConstraint.m in Sources */ = {isa = PBXBuildFile; fileRef = 1152096E1E9B89880043E671 /* MASLayoutConstraint.m */; };
		115209871E9B89880043E671 /* MASLayoutConstraint.m in Sources */ = {isa = PBXBuildFile; fileRef = 1152096E1E9B89880043E671 /* MASLayoutConstraint.m */; };
		115209881E9B89880043E671 /* MASLayoutConstraint.m in Sources */ = {isa = PBXBuildFile; fileRef = 1152096E1E9B89880043E671 /* MASLayoutConstraint.m */; };
		115209891E9B89880043E671 /* MASViewAttribute.m in Sources */ = {isa = PBXBuildFile; fileRef = 115209721E9B89880043E671 /* MASViewAttribute.m */; };
		1152098A1E9B89880043E671 /* MASViewAttribute.m in Sources */ = {isa = PBXBuildFile; fileRef = 115209721E9B89880043E671 /* MASViewAttribute.m */; };
		1152098B1E9B89880043E671 /* MASViewAttribute.m in Sources */ = {isa = PBXBuildFile; fileRef = 115209721E9B89880043E671 /* MASViewAttribute.m */; };
		1152098C1E9B89880043E671 /* MASViewConstraint.m in Sources */ = {isa = PBXBuildFile; fileRef = 115209741E9B89880043E671 /* MASViewConstraint.m */; };
		1152098D1E9B89880043E671 /* MASViewConstraint.m in Sources */ = {isa = PBXBuildFile; fileRef = 115209741E9B89880043E671 /* MASViewConstraint.m */; };
		1152098E1E9B89880043E671 /* MASViewConstraint.m in Sources */ = {isa = PBXBuildFile; fileRef = 115209741E9B89880043E671 /* MASViewConstraint.m */; };
		1152098F1E9B89880043E671 /* NSArray+MASAdditions.m in Sources */ = {isa = PBXBuildFile; fileRef = 115209761E9B89880043E671 /* NSArray+MASAdditions.m */; };
		115209901E9B89880043E671 /* NSArray+MASAdditions.m in Sources */ = {isa = PBXBuildFile; fileRef = 115209761E9B89880043E671 /* NSArray+MASAdditions.m */; };
		115209911E9B89880043E671 /* NSArray+MASAdditions.m in Sources */ = {isa = PBXBuildFile; fileRef = 115209761E9B89880043E671 /* NSArray+MASAdditions.m */; };
		115209921E9B89880043E671 /* NSLayoutConstraint+MASDebugAdditions.m in Sources */ = {isa = PBXBuildFile; fileRef = 115209791E9B89880043E671 /* NSLayoutConstraint+MASDebugAdditions.m */; };
		115209931E9B89880043E671 /* NSLayoutConstraint+MASDebugAdditions.m in Sources */ = {isa = PBXBuildFile; fileRef = 115209791E9B89880043E671 /* NSLayoutConstraint+MASDebugAdditions.m */; };
		115209941E9B89880043E671 /* NSLayoutConstraint+MASDebugAdditions.m in Sources */ = {isa = PBXBuildFile; fileRef = 115209791E9B89880043E671 /* NSLayoutConstraint+MASDebugAdditions.m */; };
		115209951E9B89880043E671 /* View+MASAdditions.m in Sources */ = {isa = PBXBuildFile; fileRef = 1152097B1E9B89880043E671 /* View+MASAdditions.m */; };
		115209961E9B89880043E671 /* View+MASAdditions.m in Sources */ = {isa = PBXBuildFile; fileRef = 1152097B1E9B89880043E671 /* View+MASAdditions.m */; };
		115209971E9B89880043E671 /* View+MASAdditions.m in Sources */ = {isa = PBXBuildFile; fileRef = 1152097B1E9B89880043E671 /* View+MASAdditions.m */; };
		115209981E9B8AE20043E671 /* Assets.xcassets in Resources */ = {isa = PBXBuildFile; fileRef = B608AD681DFBE00C008C0010 /* Assets.xcassets */; };
		115209A71E9B9E5E0043E671 /* ButtonView.m in Sources */ = {isa = PBXBuildFile; fileRef = 115209A51E9B9E5E0043E671 /* ButtonView.m */; };
		115209A81E9B9E5E0043E671 /* ButtonView.xib in Resources */ = {isa = PBXBuildFile; fileRef = 115209A61E9B9E5E0043E671 /* ButtonView.xib */; };
		115209B81E9CA4900043E671 /* ZTWebViewController.m in Sources */ = {isa = PBXBuildFile; fileRef = 115209B71E9CA4900043E671 /* ZTWebViewController.m */; };
		115209BC1E9CA4B30043E671 /* ZTListTableViewController.m in Sources */ = {isa = PBXBuildFile; fileRef = 115209BB1E9CA4B30043E671 /* ZTListTableViewController.m */; };
		115209BF1E9CA7C30043E671 /* ZTDetection.m in Sources */ = {isa = PBXBuildFile; fileRef = 115209BE1E9CA7C30043E671 /* ZTDetection.m */; };
		118FB16E1E35BEB800A50698 /* SetUpAboutKeyboard.m in Sources */ = {isa = PBXBuildFile; fileRef = 118FB1601E35BEB800A50698 /* SetUpAboutKeyboard.m */; };
		118FB16F1E35BEB800A50698 /* MyButton.m in Sources */ = {isa = PBXBuildFile; fileRef = 118FB1631E35BEB800A50698 /* MyButton.m */; };
		118FB1701E35BEB800A50698 /* VerticalCollectionView.m in Sources */ = {isa = PBXBuildFile; fileRef = 118FB1661E35BEB800A50698 /* VerticalCollectionView.m */; };
		118FB1711E35BEB800A50698 /* VerticalCollectionViewCell.m in Sources */ = {isa = PBXBuildFile; fileRef = 118FB1681E35BEB800A50698 /* VerticalCollectionViewCell.m */; };
		118FB1721E35BEB800A50698 /* VerticalLayout.m in Sources */ = {isa = PBXBuildFile; fileRef = 118FB16A1E35BEB800A50698 /* VerticalLayout.m */; };
		118FB18B1E35BEC200A50698 /* PagesFunctionView.m in Sources */ = {isa = PBXBuildFile; fileRef = 118FB1761E35BEC200A50698 /* PagesFunctionView.m */; };
		118FB18C1E35BEC200A50698 /* WebPagesVC.m in Sources */ = {isa = PBXBuildFile; fileRef = 118FB1781E35BEC200A50698 /* WebPagesVC.m */; };
		118FB18D1E35BEC200A50698 /* FunctionView.m in Sources */ = {isa = PBXBuildFile; fileRef = 118FB17C1E35BEC200A50698 /* FunctionView.m */; };
		118FB18E1E35BEC200A50698 /* SettingBtnView.m in Sources */ = {isa = PBXBuildFile; fileRef = 118FB17E1E35BEC200A50698 /* SettingBtnView.m */; };
		118FB1901E35BEC200A50698 /* WebView.m in Sources */ = {isa = PBXBuildFile; fileRef = 118FB1831E35BEC200A50698 /* WebView.m */; };
		118FB1911E35BEC200A50698 /* WebViewDelegate.m in Sources */ = {isa = PBXBuildFile; fileRef = 118FB1851E35BEC200A50698 /* WebViewDelegate.m */; };
		118FB1931E35BEC200A50698 /* AddressView.m in Sources */ = {isa = PBXBuildFile; fileRef = 118FB18A1E35BEC200A50698 /* AddressView.m */; };
		118FB1971E35F8C200A50698 /* SpotlightUtil.m in Sources */ = {isa = PBXBuildFile; fileRef = 118FB1961E35F8C200A50698 /* SpotlightUtil.m */; };
		118FB19C1E35F91900A50698 /* NSObject+Description.m in Sources */ = {isa = PBXBuildFile; fileRef = 118FB1991E35F91900A50698 /* NSObject+Description.m */; };
		118FB19D1E35F91900A50698 /* UIResponder+FindFirstResponder.m in Sources */ = {isa = PBXBuildFile; fileRef = 118FB19B1E35F91900A50698 /* UIResponder+FindFirstResponder.m */; };
		118FB1A01E3600FD00A50698 /* WebVC.m in Sources */ = {isa = PBXBuildFile; fileRef = 118FB19F1E3600FD00A50698 /* WebVC.m */; };
		118FB1A41E36010600A50698 /* SmallWebView.m in Sources */ = {isa = PBXBuildFile; fileRef = 118FB1A31E36010600A50698 /* SmallWebView.m */; };
		118FB1A91E36021300A50698 /* CodeRecoder.m in Sources */ = {isa = PBXBuildFile; fileRef = 118FB1A81E36021300A50698 /* CodeRecoder.m */; };
		118FB1AC1E3613F400A50698 /* InputAccessory.m in Sources */ = {isa = PBXBuildFile; fileRef = 118FB1AB1E3613F400A50698 /* InputAccessory.m */; };
		11F72E051E9B416C0028151E /* NotificationCenter.framework in Frameworks */ = {isa = PBXBuildFile; fileRef = 11F72E041E9B416C0028151E /* NotificationCenter.framework */; };
		11F72E091E9B416C0028151E /* TodayViewController.m in Sources */ = {isa = PBXBuildFile; fileRef = 11F72E081E9B416C0028151E /* TodayViewController.m */; };
		11F72E0C1E9B416C0028151E /* MainInterface.storyboard in Resources */ = {isa = PBXBuildFile; fileRef = 11F72E0A1E9B416C0028151E /* MainInterface.storyboard */; };
		11F72E101E9B416C0028151E /* ZKBrowserTodayExtension.appex in Embed App Extensions */ = {isa = PBXBuildFile; fileRef = 11F72E031E9B416C0028151E /* ZKBrowserTodayExtension.appex */; settings = {ATTRIBUTES = (RemoveHeadersOnCopy, ); }; };
		11F72E1B1E9B56AC0028151E /* Messages.framework in Frameworks */ = {isa = PBXBuildFile; fileRef = 11B7A8C61E52CD9100C8A2E0 /* Messages.framework */; };
		11F72E1F1E9B56AC0028151E /* MessagesViewController.m in Sources */ = {isa = PBXBuildFile; fileRef = 11F72E1E1E9B56AC0028151E /* MessagesViewController.m */; };
		11F72E221E9B56AC0028151E /* MainInterface.storyboard in Resources */ = {isa = PBXBuildFile; fileRef = 11F72E201E9B56AC0028151E /* MainInterface.storyboard */; };
		11F72E241E9B56AC0028151E /* Assets.xcassets in Resources */ = {isa = PBXBuildFile; fileRef = 11F72E231E9B56AC0028151E /* Assets.xcassets */; };
		11F72E281E9B56AC0028151E /* ZKBrowseriMessageExtension.appex in Embed App Extensions */ = {isa = PBXBuildFile; fileRef = 11F72E1A1E9B56AC0028151E /* ZKBrowseriMessageExtension.appex */; settings = {ATTRIBUTES = (RemoveHeadersOnCopy, ); }; };
		B608AD5E1DFBE00C008C0010 /* main.m in Sources */ = {isa = PBXBuildFile; fileRef = B608AD5D1DFBE00C008C0010 /* main.m */; };
		B608AD611DFBE00C008C0010 /* AppDelegate.m in Sources */ = {isa = PBXBuildFile; fileRef = B608AD601DFBE00C008C0010 /* AppDelegate.m */; };
		B608AD691DFBE00C008C0010 /* Assets.xcassets in Resources */ = {isa = PBXBuildFile; fileRef = B608AD681DFBE00C008C0010 /* Assets.xcassets */; };
		B608AD6C1DFBE00C008C0010 /* LaunchScreen.storyboard in Resources */ = {isa = PBXBuildFile; fileRef = B608AD6A1DFBE00C008C0010 /* LaunchScreen.storyboard */; };
/* End PBXBuildFile section */

/* Begin PBXContainerItemProxy section */
		11F72E0E1E9B416C0028151E /* PBXContainerItemProxy */ = {
			isa = PBXContainerItemProxy;
			containerPortal = B608AD511DFBE00C008C0010 /* Project object */;
			proxyType = 1;
			remoteGlobalIDString = 11F72E021E9B416C0028151E;
			remoteInfo = ZKBrowserTodayExtension;
		};
		11F72E261E9B56AC0028151E /* PBXContainerItemProxy */ = {
			isa = PBXContainerItemProxy;
			containerPortal = B608AD511DFBE00C008C0010 /* Project object */;
			proxyType = 1;
			remoteGlobalIDString = 11F72E191E9B56AC0028151E;
			remoteInfo = ZKBrowseriMessageExtension;
		};
/* End PBXContainerItemProxy section */

/* Begin PBXCopyFilesBuildPhase section */
		11F72E141E9B416C0028151E /* Embed App Extensions */ = {
			isa = PBXCopyFilesBuildPhase;
			buildActionMask = 2147483647;
			dstPath = "";
			dstSubfolderSpec = 13;
			files = (
				11F72E281E9B56AC0028151E /* ZKBrowseriMessageExtension.appex in Embed App Extensions */,
				11F72E101E9B416C0028151E /* ZKBrowserTodayExtension.appex in Embed App Extensions */,
			);
			name = "Embed App Extensions";
			runOnlyForDeploymentPostprocessing = 0;
		};
/* End PBXCopyFilesBuildPhase section */

/* Begin PBXFileReference section */
		112C5E191E373B290047DFB4 /* ContextMenu.js */ = {isa = PBXFileReference; fileEncoding = 4; lastKnownFileType = sourcecode.javascript; path = ContextMenu.js; sourceTree = "<group>"; };
		112C5E5F1E3844640047DFB4 /* getElementFromPoint.js */ = {isa = PBXFileReference; fileEncoding = 4; lastKnownFileType = sourcecode.javascript; path = getElementFromPoint.js; sourceTree = "<group>"; };
		115209321E9B86B40043E671 /* AddressView.xib */ = {isa = PBXFileReference; fileEncoding = 4; lastKnownFileType = file.xib; path = AddressView.xib; sourceTree = "<group>"; };
		115209331E9B86B40043E671 /* ZTAddressBar.h */ = {isa = PBXFileReference; fileEncoding = 4; lastKnownFileType = sourcecode.c.h; path = ZTAddressBar.h; sourceTree = "<group>"; };
		115209341E9B86B40043E671 /* ZTAddressBar.m */ = {isa = PBXFileReference; fileEncoding = 4; lastKnownFileType = sourcecode.c.objc; path = ZTAddressBar.m; sourceTree = "<group>"; };
		115209351E9B86B40043E671 /* ZTAddressView.h */ = {isa = PBXFileReference; fileEncoding = 4; lastKnownFileType = sourcecode.c.h; path = ZTAddressView.h; sourceTree = "<group>"; };
		115209361E9B86B40043E671 /* ZTAddressView.m */ = {isa = PBXFileReference; fileEncoding = 4; lastKnownFileType = sourcecode.c.objc; path = ZTAddressView.m; sourceTree = "<group>"; };
		115209371E9B86B40043E671 /* ZTPickEngineView.h */ = {isa = PBXFileReference; fileEncoding = 4; lastKnownFileType = sourcecode.c.h; path = ZTPickEngineView.h; sourceTree = "<group>"; };
		115209381E9B86B40043E671 /* ZTPickEngineView.m */ = {isa = PBXFileReference; fileEncoding = 4; lastKnownFileType = sourcecode.c.objc; path = ZTPickEngineView.m; sourceTree = "<group>"; };
		115209661E9B89880043E671 /* MASCompositeConstraint.h */ = {isa = PBXFileReference; fileEncoding = 4; lastKnownFileType = sourcecode.c.h; path = MASCompositeConstraint.h; sourceTree = "<group>"; };
		115209671E9B89880043E671 /* MASCompositeConstraint.m */ = {isa = PBXFileReference; fileEncoding = 4; lastKnownFileType = sourcecode.c.objc; path = MASCompositeConstraint.m; sourceTree = "<group>"; };
		115209681E9B89880043E671 /* MASConstraint+Private.h */ = {isa = PBXFileReference; fileEncoding = 4; lastKnownFileType = sourcecode.c.h; path = "MASConstraint+Private.h"; sourceTree = "<group>"; };
		115209691E9B89880043E671 /* MASConstraint.h */ = {isa = PBXFileReference; fileEncoding = 4; lastKnownFileType = sourcecode.c.h; path = MASConstraint.h; sourceTree = "<group>"; };
		1152096A1E9B89880043E671 /* MASConstraint.m */ = {isa = PBXFileReference; fileEncoding = 4; lastKnownFileType = sourcecode.c.objc; path = MASConstraint.m; sourceTree = "<group>"; };
		1152096B1E9B89880043E671 /* MASConstraintMaker.h */ = {isa = PBXFileReference; fileEncoding = 4; lastKnownFileType = sourcecode.c.h; path = MASConstraintMaker.h; sourceTree = "<group>"; };
		1152096C1E9B89880043E671 /* MASConstraintMaker.m */ = {isa = PBXFileReference; fileEncoding = 4; lastKnownFileType = sourcecode.c.objc; path = MASConstraintMaker.m; sourceTree = "<group>"; };
		1152096D1E9B89880043E671 /* MASLayoutConstraint.h */ = {isa = PBXFileReference; fileEncoding = 4; lastKnownFileType = sourcecode.c.h; path = MASLayoutConstraint.h; sourceTree = "<group>"; };
		1152096E1E9B89880043E671 /* MASLayoutConstraint.m */ = {isa = PBXFileReference; fileEncoding = 4; lastKnownFileType = sourcecode.c.objc; path = MASLayoutConstraint.m; sourceTree = "<group>"; };
		1152096F1E9B89880043E671 /* Masonry.h */ = {isa = PBXFileReference; fileEncoding = 4; lastKnownFileType = sourcecode.c.h; path = Masonry.h; sourceTree = "<group>"; };
		115209701E9B89880043E671 /* MASUtilities.h */ = {isa = PBXFileReference; fileEncoding = 4; lastKnownFileType = sourcecode.c.h; path = MASUtilities.h; sourceTree = "<group>"; };
		115209711E9B89880043E671 /* MASViewAttribute.h */ = {isa = PBXFileReference; fileEncoding = 4; lastKnownFileType = sourcecode.c.h; path = MASViewAttribute.h; sourceTree = "<group>"; };
		115209721E9B89880043E671 /* MASViewAttribute.m */ = {isa = PBXFileReference; fileEncoding = 4; lastKnownFileType = sourcecode.c.objc; path = MASViewAttribute.m; sourceTree = "<group>"; };
		115209731E9B89880043E671 /* MASViewConstraint.h */ = {isa = PBXFileReference; fileEncoding = 4; lastKnownFileType = sourcecode.c.h; path = MASViewConstraint.h; sourceTree = "<group>"; };
		115209741E9B89880043E671 /* MASViewConstraint.m */ = {isa = PBXFileReference; fileEncoding = 4; lastKnownFileType = sourcecode.c.objc; path = MASViewConstraint.m; sourceTree = "<group>"; };
		115209751E9B89880043E671 /* NSArray+MASAdditions.h */ = {isa = PBXFileReference; fileEncoding = 4; lastKnownFileType = sourcecode.c.h; path = "NSArray+MASAdditions.h"; sourceTree = "<group>"; };
		115209761E9B89880043E671 /* NSArray+MASAdditions.m */ = {isa = PBXFileReference; fileEncoding = 4; lastKnownFileType = sourcecode.c.objc; path = "NSArray+MASAdditions.m"; sourceTree = "<group>"; };
		115209771E9B89880043E671 /* NSArray+MASShorthandAdditions.h */ = {isa = PBXFileReference; fileEncoding = 4; lastKnownFileType = sourcecode.c.h; path = "NSArray+MASShorthandAdditions.h"; sourceTree = "<group>"; };
		115209781E9B89880043E671 /* NSLayoutConstraint+MASDebugAdditions.h */ = {isa = PBXFileReference; fileEncoding = 4; lastKnownFileType = sourcecode.c.h; path = "NSLayoutConstraint+MASDebugAdditions.h"; sourceTree = "<group>"; };
		115209791E9B89880043E671 /* NSLayoutConstraint+MASDebugAdditions.m */ = {isa = PBXFileReference; fileEncoding = 4; lastKnownFileType = sourcecode.c.objc; path = "NSLayoutConstraint+MASDebugAdditions.m"; sourceTree = "<group>"; };
		1152097A1E9B89880043E671 /* View+MASAdditions.h */ = {isa = PBXFileReference; fileEncoding = 4; lastKnownFileType = sourcecode.c.h; path = "View+MASAdditions.h"; sourceTree = "<group>"; };
		1152097B1E9B89880043E671 /* View+MASAdditions.m */ = {isa = PBXFileReference; fileEncoding = 4; lastKnownFileType = sourcecode.c.objc; path = "View+MASAdditions.m"; sourceTree = "<group>"; };
		1152097C1E9B89880043E671 /* View+MASShorthandAdditions.h */ = {isa = PBXFileReference; fileEncoding = 4; lastKnownFileType = sourcecode.c.h; path = "View+MASShorthandAdditions.h"; sourceTree = "<group>"; };
		115209A41E9B9E5E0043E671 /* ButtonView.h */ = {isa = PBXFileReference; fileEncoding = 4; lastKnownFileType = sourcecode.c.h; path = ButtonView.h; sourceTree = "<group>"; };
		115209A51E9B9E5E0043E671 /* ButtonView.m */ = {isa = PBXFileReference; fileEncoding = 4; lastKnownFileType = sourcecode.c.objc; path = ButtonView.m; sourceTree = "<group>"; };
		115209A61E9B9E5E0043E671 /* ButtonView.xib */ = {isa = PBXFileReference; fileEncoding = 4; lastKnownFileType = file.xib; path = ButtonView.xib; sourceTree = "<group>"; };
		115209B61E9CA4900043E671 /* ZTWebViewController.h */ = {isa = PBXFileReference; fileEncoding = 4; lastKnownFileType = sourcecode.c.h; path = ZTWebViewController.h; sourceTree = "<group>"; };
		115209B71E9CA4900043E671 /* ZTWebViewController.m */ = {isa = PBXFileReference; fileEncoding = 4; lastKnownFileType = sourcecode.c.objc; path = ZTWebViewController.m; sourceTree = "<group>"; };
		115209BA1E9CA4B30043E671 /* ZTListTableViewController.h */ = {isa = PBXFileReference; fileEncoding = 4; lastKnownFileType = sourcecode.c.h; path = ZTListTableViewController.h; sourceTree = "<group>"; };
		115209BB1E9CA4B30043E671 /* ZTListTableViewController.m */ = {isa = PBXFileReference; fileEncoding = 4; lastKnownFileType = sourcecode.c.objc; path = ZTListTableViewController.m; sourceTree = "<group>"; };
		115209BD1E9CA7C30043E671 /* ZTDetection.h */ = {isa = PBXFileReference; fileEncoding = 4; lastKnownFileType = sourcecode.c.h; path = ZTDetection.h; sourceTree = "<group>"; };
		115209BE1E9CA7C30043E671 /* ZTDetection.m */ = {isa = PBXFileReference; fileEncoding = 4; lastKnownFileType = sourcecode.c.objc; path = ZTDetection.m; sourceTree = "<group>"; };
		118FB15F1E35BEB800A50698 /* SetUpAboutKeyboard.h */ = {isa = PBXFileReference; fileEncoding = 4; lastKnownFileType = sourcecode.c.h; path = SetUpAboutKeyboard.h; sourceTree = "<group>"; };
		118FB1601E35BEB800A50698 /* SetUpAboutKeyboard.m */ = {isa = PBXFileReference; fileEncoding = 4; lastKnownFileType = sourcecode.c.objc; path = SetUpAboutKeyboard.m; sourceTree = "<group>"; };
		118FB1621E35BEB800A50698 /* MyButton.h */ = {isa = PBXFileReference; fileEncoding = 4; lastKnownFileType = sourcecode.c.h; path = MyButton.h; sourceTree = "<group>"; };
		118FB1631E35BEB800A50698 /* MyButton.m */ = {isa = PBXFileReference; fileEncoding = 4; lastKnownFileType = sourcecode.c.objc; path = MyButton.m; sourceTree = "<group>"; };
		118FB1651E35BEB800A50698 /* VerticalCollectionView.h */ = {isa = PBXFileReference; fileEncoding = 4; lastKnownFileType = sourcecode.c.h; path = VerticalCollectionView.h; sourceTree = "<group>"; };
		118FB1661E35BEB800A50698 /* VerticalCollectionView.m */ = {isa = PBXFileReference; fileEncoding = 4; lastKnownFileType = sourcecode.c.objc; path = VerticalCollectionView.m; sourceTree = "<group>"; };
		118FB1671E35BEB800A50698 /* VerticalCollectionViewCell.h */ = {isa = PBXFileReference; fileEncoding = 4; lastKnownFileType = sourcecode.c.h; path = VerticalCollectionViewCell.h; sourceTree = "<group>"; };
		118FB1681E35BEB800A50698 /* VerticalCollectionViewCell.m */ = {isa = PBXFileReference; fileEncoding = 4; lastKnownFileType = sourcecode.c.objc; path = VerticalCollectionViewCell.m; sourceTree = "<group>"; };
		118FB1691E35BEB800A50698 /* VerticalLayout.h */ = {isa = PBXFileReference; fileEncoding = 4; lastKnownFileType = sourcecode.c.h; path = VerticalLayout.h; sourceTree = "<group>"; };
		118FB16A1E35BEB800A50698 /* VerticalLayout.m */ = {isa = PBXFileReference; fileEncoding = 4; lastKnownFileType = sourcecode.c.objc; path = VerticalLayout.m; sourceTree = "<group>"; };
		118FB1751E35BEC200A50698 /* PagesFunctionView.h */ = {isa = PBXFileReference; fileEncoding = 4; lastKnownFileType = sourcecode.c.h; path = PagesFunctionView.h; sourceTree = "<group>"; };
		118FB1761E35BEC200A50698 /* PagesFunctionView.m */ = {isa = PBXFileReference; fileEncoding = 4; lastKnownFileType = sourcecode.c.objc; path = PagesFunctionView.m; sourceTree = "<group>"; };
		118FB1771E35BEC200A50698 /* WebPagesVC.h */ = {isa = PBXFileReference; fileEncoding = 4; lastKnownFileType = sourcecode.c.h; path = WebPagesVC.h; sourceTree = "<group>"; };
		118FB1781E35BEC200A50698 /* WebPagesVC.m */ = {isa = PBXFileReference; fileEncoding = 4; lastKnownFileType = sourcecode.c.objc; path = WebPagesVC.m; sourceTree = "<group>"; };
		118FB17B1E35BEC200A50698 /* FunctionView.h */ = {isa = PBXFileReference; fileEncoding = 4; lastKnownFileType = sourcecode.c.h; path = FunctionView.h; sourceTree = "<group>"; };
		118FB17C1E35BEC200A50698 /* FunctionView.m */ = {isa = PBXFileReference; fileEncoding = 4; lastKnownFileType = sourcecode.c.objc; path = FunctionView.m; sourceTree = "<group>"; };
		118FB17D1E35BEC200A50698 /* SettingBtnView.h */ = {isa = PBXFileReference; fileEncoding = 4; lastKnownFileType = sourcecode.c.h; path = SettingBtnView.h; sourceTree = "<group>"; };
		118FB17E1E35BEC200A50698 /* SettingBtnView.m */ = {isa = PBXFileReference; fileEncoding = 4; lastKnownFileType = sourcecode.c.objc; path = SettingBtnView.m; sourceTree = "<group>"; };
		118FB1821E35BEC200A50698 /* WebView.h */ = {isa = PBXFileReference; fileEncoding = 4; lastKnownFileType = sourcecode.c.h; path = WebView.h; sourceTree = "<group>"; };
		118FB1831E35BEC200A50698 /* WebView.m */ = {isa = PBXFileReference; fileEncoding = 4; lastKnownFileType = sourcecode.c.objc; path = WebView.m; sourceTree = "<group>"; };
		118FB1841E35BEC200A50698 /* WebViewDelegate.h */ = {isa = PBXFileReference; fileEncoding = 4; lastKnownFileType = sourcecode.c.h; path = WebViewDelegate.h; sourceTree = "<group>"; };
		118FB1851E35BEC200A50698 /* WebViewDelegate.m */ = {isa = PBXFileReference; fileEncoding = 4; lastKnownFileType = sourcecode.c.objc; path = WebViewDelegate.m; sourceTree = "<group>"; };
		118FB1891E35BEC200A50698 /* AddressView.h */ = {isa = PBXFileReference; fileEncoding = 4; lastKnownFileType = sourcecode.c.h; path = AddressView.h; sourceTree = "<group>"; };
		118FB18A1E35BEC200A50698 /* AddressView.m */ = {isa = PBXFileReference; fileEncoding = 4; lastKnownFileType = sourcecode.c.objc; path = AddressView.m; sourceTree = "<group>"; };
		118FB1951E35F8C200A50698 /* SpotlightUtil.h */ = {isa = PBXFileReference; fileEncoding = 4; lastKnownFileType = sourcecode.c.h; path = SpotlightUtil.h; sourceTree = "<group>"; };
		118FB1961E35F8C200A50698 /* SpotlightUtil.m */ = {isa = PBXFileReference; fileEncoding = 4; lastKnownFileType = sourcecode.c.objc; path = SpotlightUtil.m; sourceTree = "<group>"; };
		118FB1981E35F91900A50698 /* NSObject+Description.h */ = {isa = PBXFileReference; fileEncoding = 4; lastKnownFileType = sourcecode.c.h; path = "NSObject+Description.h"; sourceTree = "<group>"; };
		118FB1991E35F91900A50698 /* NSObject+Description.m */ = {isa = PBXFileReference; fileEncoding = 4; lastKnownFileType = sourcecode.c.objc; path = "NSObject+Description.m"; sourceTree = "<group>"; };
		118FB19A1E35F91900A50698 /* UIResponder+FindFirstResponder.h */ = {isa = PBXFileReference; fileEncoding = 4; lastKnownFileType = sourcecode.c.h; path = "UIResponder+FindFirstResponder.h"; sourceTree = "<group>"; };
		118FB19B1E35F91900A50698 /* UIResponder+FindFirstResponder.m */ = {isa = PBXFileReference; fileEncoding = 4; lastKnownFileType = sourcecode.c.objc; path = "UIResponder+FindFirstResponder.m"; sourceTree = "<group>"; };
		118FB19E1E3600FD00A50698 /* WebVC.h */ = {isa = PBXFileReference; fileEncoding = 4; lastKnownFileType = sourcecode.c.h; path = WebVC.h; sourceTree = "<group>"; };
		118FB19F1E3600FD00A50698 /* WebVC.m */ = {isa = PBXFileReference; fileEncoding = 4; lastKnownFileType = sourcecode.c.objc; path = WebVC.m; sourceTree = "<group>"; };
		118FB1A21E36010600A50698 /* SmallWebView.h */ = {isa = PBXFileReference; fileEncoding = 4; lastKnownFileType = sourcecode.c.h; path = SmallWebView.h; sourceTree = "<group>"; };
		118FB1A31E36010600A50698 /* SmallWebView.m */ = {isa = PBXFileReference; fileEncoding = 4; lastKnownFileType = sourcecode.c.objc; path = SmallWebView.m; sourceTree = "<group>"; };
		118FB1A81E36021300A50698 /* CodeRecoder.m */ = {isa = PBXFileReference; fileEncoding = 4; lastKnownFileType = sourcecode.c.objc; path = CodeRecoder.m; sourceTree = "<group>"; };
		118FB1AA1E3613F400A50698 /* InputAccessory.h */ = {isa = PBXFileReference; fileEncoding = 4; lastKnownFileType = sourcecode.c.h; path = InputAccessory.h; sourceTree = "<group>"; };
		118FB1AB1E3613F400A50698 /* InputAccessory.m */ = {isa = PBXFileReference; fileEncoding = 4; lastKnownFileType = sourcecode.c.objc; path = InputAccessory.m; sourceTree = "<group>"; };
		11B7A8C61E52CD9100C8A2E0 /* Messages.framework */ = {isa = PBXFileReference; lastKnownFileType = wrapper.framework; name = Messages.framework; path = System/Library/Frameworks/Messages.framework; sourceTree = SDKROOT; };
		11F72DDA1E9B23A80028151E /* ZKBrowser.entitlements */ = {isa = PBXFileReference; lastKnownFileType = text.plist.entitlements; path = ZKBrowser.entitlements; sourceTree = "<group>"; };
		11F72E031E9B416C0028151E /* ZKBrowserTodayExtension.appex */ = {isa = PBXFileReference; explicitFileType = "wrapper.app-extension"; includeInIndex = 0; path = ZKBrowserTodayExtension.appex; sourceTree = BUILT_PRODUCTS_DIR; };
		11F72E041E9B416C0028151E /* NotificationCenter.framework */ = {isa = PBXFileReference; lastKnownFileType = wrapper.framework; name = NotificationCenter.framework; path = System/Library/Frameworks/NotificationCenter.framework; sourceTree = SDKROOT; };
		11F72E071E9B416C0028151E /* TodayViewController.h */ = {isa = PBXFileReference; lastKnownFileType = sourcecode.c.h; path = TodayViewController.h; sourceTree = "<group>"; };
		11F72E081E9B416C0028151E /* TodayViewController.m */ = {isa = PBXFileReference; lastKnownFileType = sourcecode.c.objc; path = TodayViewController.m; sourceTree = "<group>"; };
		11F72E0B1E9B416C0028151E /* Base */ = {isa = PBXFileReference; lastKnownFileType = file.storyboard; name = Base; path = Base.lproj/MainInterface.storyboard; sourceTree = "<group>"; };
		11F72E0D1E9B416C0028151E /* Info.plist */ = {isa = PBXFileReference; lastKnownFileType = text.plist.xml; path = Info.plist; sourceTree = "<group>"; };
		11F72E151E9B55BE0028151E /* ZKBrowserTodayExtension.entitlements */ = {isa = PBXFileReference; lastKnownFileType = text.plist.entitlements; path = ZKBrowserTodayExtension.entitlements; sourceTree = "<group>"; };
		11F72E1A1E9B56AC0028151E /* ZKBrowseriMessageExtension.appex */ = {isa = PBXFileReference; explicitFileType = "wrapper.app-extension"; includeInIndex = 0; path = ZKBrowseriMessageExtension.appex; sourceTree = BUILT_PRODUCTS_DIR; };
		11F72E1D1E9B56AC0028151E /* MessagesViewController.h */ = {isa = PBXFileReference; lastKnownFileType = sourcecode.c.h; path = MessagesViewController.h; sourceTree = "<group>"; };
		11F72E1E1E9B56AC0028151E /* MessagesViewController.m */ = {isa = PBXFileReference; lastKnownFileType = sourcecode.c.objc; path = MessagesViewController.m; sourceTree = "<group>"; };
		11F72E211E9B56AC0028151E /* Base */ = {isa = PBXFileReference; lastKnownFileType = file.storyboard; name = Base; path = Base.lproj/MainInterface.storyboard; sourceTree = "<group>"; };
		11F72E231E9B56AC0028151E /* Assets.xcassets */ = {isa = PBXFileReference; lastKnownFileType = folder.assetcatalog; path = Assets.xcassets; sourceTree = "<group>"; };
		11F72E251E9B56AC0028151E /* Info.plist */ = {isa = PBXFileReference; lastKnownFileType = text.plist.xml; path = Info.plist; sourceTree = "<group>"; };
		11F72E2C1E9B58D10028151E /* ZKBrowseriMessageExtension.entitlements */ = {isa = PBXFileReference; lastKnownFileType = text.plist.entitlements; path = ZKBrowseriMessageExtension.entitlements; sourceTree = "<group>"; };
		B608AD591DFBE00C008C0010 /* ZKBrowser.app */ = {isa = PBXFileReference; explicitFileType = wrapper.application; includeInIndex = 0; path = ZKBrowser.app; sourceTree = BUILT_PRODUCTS_DIR; };
		B608AD5D1DFBE00C008C0010 /* main.m */ = {isa = PBXFileReference; lastKnownFileType = sourcecode.c.objc; path = main.m; sourceTree = "<group>"; };
		B608AD5F1DFBE00C008C0010 /* AppDelegate.h */ = {isa = PBXFileReference; lastKnownFileType = sourcecode.c.h; path = AppDelegate.h; sourceTree = "<group>"; };
		B608AD601DFBE00C008C0010 /* AppDelegate.m */ = {isa = PBXFileReference; lastKnownFileType = sourcecode.c.objc; path = AppDelegate.m; sourceTree = "<group>"; };
		B608AD681DFBE00C008C0010 /* Assets.xcassets */ = {isa = PBXFileReference; lastKnownFileType = folder.assetcatalog; path = Assets.xcassets; sourceTree = "<group>"; };
		B608AD6B1DFBE00C008C0010 /* Base */ = {isa = PBXFileReference; lastKnownFileType = file.storyboard; name = Base; path = Base.lproj/LaunchScreen.storyboard; sourceTree = "<group>"; };
		B608AD6D1DFBE00C008C0010 /* Info.plist */ = {isa = PBXFileReference; lastKnownFileType = text.plist.xml; path = Info.plist; sourceTree = "<group>"; };
/* End PBXFileReference section */

/* Begin PBXFrameworksBuildPhase section */
		11F72E001E9B416C0028151E /* Frameworks */ = {
			isa = PBXFrameworksBuildPhase;
			buildActionMask = 2147483647;
			files = (
				11F72E051E9B416C0028151E /* NotificationCenter.framework in Frameworks */,
			);
			runOnlyForDeploymentPostprocessing = 0;
		};
		11F72E171E9B56AC0028151E /* Frameworks */ = {
			isa = PBXFrameworksBuildPhase;
			buildActionMask = 2147483647;
			files = (
				11F72E1B1E9B56AC0028151E /* Messages.framework in Frameworks */,
			);
			runOnlyForDeploymentPostprocessing = 0;
		};
		B608AD561DFBE00C008C0010 /* Frameworks */ = {
			isa = PBXFrameworksBuildPhase;
			buildActionMask = 2147483647;
			files = (
			);
			runOnlyForDeploymentPostprocessing = 0;
		};
/* End PBXFrameworksBuildPhase section */

/* Begin PBXGroup section */
		115209311E9B86B40043E671 /* ZTAddressView */ = {
			isa = PBXGroup;
			children = (
				115209351E9B86B40043E671 /* ZTAddressView.h */,
				115209361E9B86B40043E671 /* ZTAddressView.m */,
				115209331E9B86B40043E671 /* ZTAddressBar.h */,
				115209341E9B86B40043E671 /* ZTAddressBar.m */,
				115209371E9B86B40043E671 /* ZTPickEngineView.h */,
				115209381E9B86B40043E671 /* ZTPickEngineView.m */,
				115209321E9B86B40043E671 /* AddressView.xib */,
			);
			path = ZTAddressView;
			sourceTree = "<group>";
		};
		115209651E9B89880043E671 /* Masonry */ = {
			isa = PBXGroup;
			children = (
				115209661E9B89880043E671 /* MASCompositeConstraint.h */,
				115209671E9B89880043E671 /* MASCompositeConstraint.m */,
				115209681E9B89880043E671 /* MASConstraint+Private.h */,
				115209691E9B89880043E671 /* MASConstraint.h */,
				1152096A1E9B89880043E671 /* MASConstraint.m */,
				1152096B1E9B89880043E671 /* MASConstraintMaker.h */,
				1152096C1E9B89880043E671 /* MASConstraintMaker.m */,
				1152096D1E9B89880043E671 /* MASLayoutConstraint.h */,
				1152096E1E9B89880043E671 /* MASLayoutConstraint.m */,
				1152096F1E9B89880043E671 /* Masonry.h */,
				115209701E9B89880043E671 /* MASUtilities.h */,
				115209711E9B89880043E671 /* MASViewAttribute.h */,
				115209721E9B89880043E671 /* MASViewAttribute.m */,
				115209731E9B89880043E671 /* MASViewConstraint.h */,
				115209741E9B89880043E671 /* MASViewConstraint.m */,
				115209751E9B89880043E671 /* NSArray+MASAdditions.h */,
				115209761E9B89880043E671 /* NSArray+MASAdditions.m */,
				115209771E9B89880043E671 /* NSArray+MASShorthandAdditions.h */,
				115209781E9B89880043E671 /* NSLayoutConstraint+MASDebugAdditions.h */,
				115209791E9B89880043E671 /* NSLayoutConstraint+MASDebugAdditions.m */,
				1152097A1E9B89880043E671 /* View+MASAdditions.h */,
				1152097B1E9B89880043E671 /* View+MASAdditions.m */,
				1152097C1E9B89880043E671 /* View+MASShorthandAdditions.h */,
			);
			path = Masonry;
			sourceTree = "<group>";
		};
		115209A31E9B9E5E0043E671 /* ButtonView */ = {
			isa = PBXGroup;
			children = (
				115209A41E9B9E5E0043E671 /* ButtonView.h */,
				115209A51E9B9E5E0043E671 /* ButtonView.m */,
				115209A61E9B9E5E0043E671 /* ButtonView.xib */,
			);
			path = ButtonView;
			sourceTree = "<group>";
		};
		115209B21E9CA43E0043E671 /* ZTWebView */ = {
			isa = PBXGroup;
			children = (
				115209B61E9CA4900043E671 /* ZTWebViewController.h */,
				115209B71E9CA4900043E671 /* ZTWebViewController.m */,
				115209BD1E9CA7C30043E671 /* ZTDetection.h */,
				115209BE1E9CA7C30043E671 /* ZTDetection.m */,
			);
			path = ZTWebView;
			sourceTree = "<group>";
		};
		115209B91E9CA4A50043E671 /* ZTListTableView */ = {
			isa = PBXGroup;
			children = (
				115209BA1E9CA4B30043E671 /* ZTListTableViewController.h */,
				115209BB1E9CA4B30043E671 /* ZTListTableViewController.m */,
			);
			path = ZTListTableView;
			sourceTree = "<group>";
		};
		118FB1581E35BEB800A50698 /* Category */ = {
			isa = PBXGroup;
			children = (
				118FB1981E35F91900A50698 /* NSObject+Description.h */,
				118FB1991E35F91900A50698 /* NSObject+Description.m */,
				118FB19A1E35F91900A50698 /* UIResponder+FindFirstResponder.h */,
				118FB19B1E35F91900A50698 /* UIResponder+FindFirstResponder.m */,
			);
			path = Category;
			sourceTree = "<group>";
		};
		118FB1591E35BEB800A50698 /* History */ = {
			isa = PBXGroup;
			children = (
			);
			path = History;
			sourceTree = "<group>";
		};
		118FB15A1E35BEB800A50698 /* Util */ = {
			isa = PBXGroup;
			children = (
				118FB15D1E35BEB800A50698 /* SelfMade */,
				118FB1AA1E3613F400A50698 /* InputAccessory.h */,
				118FB1AB1E3613F400A50698 /* InputAccessory.m */,
			);
			path = Util;
			sourceTree = "<group>";
		};
		118FB15D1E35BEB800A50698 /* SelfMade */ = {
			isa = PBXGroup;
			children = (
				118FB15E1E35BEB800A50698 /* Keyboard */,
				118FB1611E35BEB800A50698 /* MyButton */,
				118FB1641E35BEB800A50698 /* VerticalCollectionView */,
			);
			path = SelfMade;
			sourceTree = "<group>";
		};
		118FB15E1E35BEB800A50698 /* Keyboard */ = {
			isa = PBXGroup;
			children = (
				118FB15F1E35BEB800A50698 /* SetUpAboutKeyboard.h */,
				118FB1601E35BEB800A50698 /* SetUpAboutKeyboard.m */,
			);
			path = Keyboard;
			sourceTree = "<group>";
		};
		118FB1611E35BEB800A50698 /* MyButton */ = {
			isa = PBXGroup;
			children = (
				118FB1621E35BEB800A50698 /* MyButton.h */,
				118FB1631E35BEB800A50698 /* MyButton.m */,
			);
			path = MyButton;
			sourceTree = "<group>";
		};
		118FB1641E35BEB800A50698 /* VerticalCollectionView */ = {
			isa = PBXGroup;
			children = (
				118FB1651E35BEB800A50698 /* VerticalCollectionView.h */,
				118FB1661E35BEB800A50698 /* VerticalCollectionView.m */,
				118FB1671E35BEB800A50698 /* VerticalCollectionViewCell.h */,
				118FB1681E35BEB800A50698 /* VerticalCollectionViewCell.m */,
				118FB1691E35BEB800A50698 /* VerticalLayout.h */,
				118FB16A1E35BEB800A50698 /* VerticalLayout.m */,
			);
			path = VerticalCollectionView;
			sourceTree = "<group>";
		};
		118FB1741E35BEC200A50698 /* WebPagesVC */ = {
			isa = PBXGroup;
			children = (
				118FB1771E35BEC200A50698 /* WebPagesVC.h */,
				118FB1781E35BEC200A50698 /* WebPagesVC.m */,
				118FB1751E35BEC200A50698 /* PagesFunctionView.h */,
				118FB1761E35BEC200A50698 /* PagesFunctionView.m */,
			);
			path = WebPagesVC;
			sourceTree = "<group>";
		};
		118FB1791E35BEC200A50698 /* WebVC */ = {
			isa = PBXGroup;
			children = (
				118FB19E1E3600FD00A50698 /* WebVC.h */,
				118FB19F1E3600FD00A50698 /* WebVC.m */,
				118FB1881E35BEC200A50698 /* TopAddressBar */,
				118FB17F1E35BEC200A50698 /* MidWebContent */,
				118FB17A1E35BEC200A50698 /* BottomToolBar */,
				118FB1A11E36010600A50698 /* SmallWebView */,
			);
			path = WebVC;
			sourceTree = "<group>";
		};
		118FB17A1E35BEC200A50698 /* BottomToolBar */ = {
			isa = PBXGroup;
			children = (
				118FB17B1E35BEC200A50698 /* FunctionView.h */,
				118FB17C1E35BEC200A50698 /* FunctionView.m */,
				118FB17D1E35BEC200A50698 /* SettingBtnView.h */,
				118FB17E1E35BEC200A50698 /* SettingBtnView.m */,
			);
			path = BottomToolBar;
			sourceTree = "<group>";
		};
		118FB17F1E35BEC200A50698 /* MidWebContent */ = {
			isa = PBXGroup;
			children = (
				118FB1821E35BEC200A50698 /* WebView.h */,
				118FB1831E35BEC200A50698 /* WebView.m */,
				118FB1841E35BEC200A50698 /* WebViewDelegate.h */,
				118FB1851E35BEC200A50698 /* WebViewDelegate.m */,
			);
			path = MidWebContent;
			sourceTree = "<group>";
		};
		118FB1881E35BEC200A50698 /* TopAddressBar */ = {
			isa = PBXGroup;
			children = (
				118FB1891E35BEC200A50698 /* AddressView.h */,
				118FB18A1E35BEC200A50698 /* AddressView.m */,
			);
			path = TopAddressBar;
			sourceTree = "<group>";
		};
		118FB1941E35F39C00A50698 /* Spotlight */ = {
			isa = PBXGroup;
			children = (
				118FB1951E35F8C200A50698 /* SpotlightUtil.h */,
				118FB1961E35F8C200A50698 /* SpotlightUtil.m */,
			);
			path = Spotlight;
			sourceTree = "<group>";
		};
		118FB1A11E36010600A50698 /* SmallWebView */ = {
			isa = PBXGroup;
			children = (
				118FB1A21E36010600A50698 /* SmallWebView.h */,
				118FB1A31E36010600A50698 /* SmallWebView.m */,
			);
			path = SmallWebView;
			sourceTree = "<group>";
		};
		118FB1A51E3601CE00A50698 /* Resource */ = {
			isa = PBXGroup;
			children = (
				112C5E191E373B290047DFB4 /* ContextMenu.js */,
				112C5E5F1E3844640047DFB4 /* getElementFromPoint.js */,
				118FB1A81E36021300A50698 /* CodeRecoder.m */,
			);
			path = Resource;
			sourceTree = "<group>";
		};
		11B7A8C51E52CD9100C8A2E0 /* Frameworks */ = {
			isa = PBXGroup;
			children = (
				11B7A8C61E52CD9100C8A2E0 /* Messages.framework */,
				11F72E041E9B416C0028151E /* NotificationCenter.framework */,
			);
			name = Frameworks;
			sourceTree = "<group>";
		};
		11F72E061E9B416C0028151E /* ZKBrowserTodayExtension */ = {
			isa = PBXGroup;
			children = (
				11F72E151E9B55BE0028151E /* ZKBrowserTodayExtension.entitlements */,
				11F72E071E9B416C0028151E /* TodayViewController.h */,
				11F72E081E9B416C0028151E /* TodayViewController.m */,
				11F72E0A1E9B416C0028151E /* MainInterface.storyboard */,
				11F72E0D1E9B416C0028151E /* Info.plist */,
			);
			path = ZKBrowserTodayExtension;
			sourceTree = "<group>";
		};
		11F72E1C1E9B56AC0028151E /* ZKBrowseriMessageExtension */ = {
			isa = PBXGroup;
			children = (
				115209B91E9CA4A50043E671 /* ZTListTableView */,
				115209B21E9CA43E0043E671 /* ZTWebView */,
				115209A31E9B9E5E0043E671 /* ButtonView */,
				115209311E9B86B40043E671 /* ZTAddressView */,
				11F72E2C1E9B58D10028151E /* ZKBrowseriMessageExtension.entitlements */,
				11F72E1D1E9B56AC0028151E /* MessagesViewController.h */,
				11F72E1E1E9B56AC0028151E /* MessagesViewController.m */,
				11F72E201E9B56AC0028151E /* MainInterface.storyboard */,
				11F72E231E9B56AC0028151E /* Assets.xcassets */,
				11F72E251E9B56AC0028151E /* Info.plist */,
			);
			path = ZKBrowseriMessageExtension;
			sourceTree = "<group>";
		};
		B608AD501DFBE00C008C0010 = {
			isa = PBXGroup;
			children = (
				B608AD5B1DFBE00C008C0010 /* ZKBrowser */,
				11F72E061E9B416C0028151E /* ZKBrowserTodayExtension */,
				11F72E1C1E9B56AC0028151E /* ZKBrowseriMessageExtension */,
				11B7A8C51E52CD9100C8A2E0 /* Frameworks */,
				B608AD5A1DFBE00C008C0010 /* Products */,
			);
			sourceTree = "<group>";
		};
		B608AD5A1DFBE00C008C0010 /* Products */ = {
			isa = PBXGroup;
			children = (
				B608AD591DFBE00C008C0010 /* ZKBrowser.app */,
				11F72E031E9B416C0028151E /* ZKBrowserTodayExtension.appex */,
				11F72E1A1E9B56AC0028151E /* ZKBrowseriMessageExtension.appex */,
			);
			name = Products;
			sourceTree = "<group>";
		};
		B608AD5B1DFBE00C008C0010 /* ZKBrowser */ = {
			isa = PBXGroup;
			children = (
				11F72DDA1E9B23A80028151E /* ZKBrowser.entitlements */,
				118FB1A51E3601CE00A50698 /* Resource */,
				118FB1941E35F39C00A50698 /* Spotlight */,
				118FB1741E35BEC200A50698 /* WebPagesVC */,
				118FB1791E35BEC200A50698 /* WebVC */,
				118FB1581E35BEB800A50698 /* Category */,
				118FB1591E35BEB800A50698 /* History */,
				118FB15A1E35BEB800A50698 /* Util */,
				115209651E9B89880043E671 /* Masonry */,
				B608AD5F1DFBE00C008C0010 /* AppDelegate.h */,
				B608AD601DFBE00C008C0010 /* AppDelegate.m */,
				B608AD681DFBE00C008C0010 /* Assets.xcassets */,
				B608AD6A1DFBE00C008C0010 /* LaunchScreen.storyboard */,
				B608AD6D1DFBE00C008C0010 /* Info.plist */,
				B608AD5C1DFBE00C008C0010 /* Supporting Files */,
			);
			path = ZKBrowser;
			sourceTree = "<group>";
		};
		B608AD5C1DFBE00C008C0010 /* Supporting Files */ = {
			isa = PBXGroup;
			children = (
				B608AD5D1DFBE00C008C0010 /* main.m */,
			);
			name = "Supporting Files";
			sourceTree = "<group>";
		};
/* End PBXGroup section */

/* Begin PBXNativeTarget section */
		11F72E021E9B416C0028151E /* ZKBrowserTodayExtension */ = {
			isa = PBXNativeTarget;
			buildConfigurationList = 11F72E111E9B416C0028151E /* Build configuration list for PBXNativeTarget "ZKBrowserTodayExtension" */;
			buildPhases = (
				11F72DFF1E9B416C0028151E /* Sources */,
				11F72E001E9B416C0028151E /* Frameworks */,
				11F72E011E9B416C0028151E /* Resources */,
			);
			buildRules = (
			);
			dependencies = (
			);
			name = ZKBrowserTodayExtension;
			productName = ZKBrowserTodayExtension;
			productReference = 11F72E031E9B416C0028151E /* ZKBrowserTodayExtension.appex */;
			productType = "com.apple.product-type.app-extension";
		};
		11F72E191E9B56AC0028151E /* ZKBrowseriMessageExtension */ = {
			isa = PBXNativeTarget;
			buildConfigurationList = 11F72E291E9B56AC0028151E /* Build configuration list for PBXNativeTarget "ZKBrowseriMessageExtension" */;
			buildPhases = (
				11F72E161E9B56AC0028151E /* Sources */,
				11F72E171E9B56AC0028151E /* Frameworks */,
				11F72E181E9B56AC0028151E /* Resources */,
			);
			buildRules = (
			);
			dependencies = (
			);
			name = ZKBrowseriMessageExtension;
			productName = ZKBrowseriMessageExtension;
			productReference = 11F72E1A1E9B56AC0028151E /* ZKBrowseriMessageExtension.appex */;
			productType = "com.apple.product-type.app-extension.messages";
		};
		B608AD581DFBE00C008C0010 /* ZKBrowser */ = {
			isa = PBXNativeTarget;
			buildConfigurationList = B608AD701DFBE00C008C0010 /* Build configuration list for PBXNativeTarget "ZKBrowser" */;
			buildPhases = (
				B608AD551DFBE00C008C0010 /* Sources */,
				B608AD561DFBE00C008C0010 /* Frameworks */,
				B608AD571DFBE00C008C0010 /* Resources */,
				11F72E141E9B416C0028151E /* Embed App Extensions */,
			);
			buildRules = (
			);
			dependencies = (
				11F72E0F1E9B416C0028151E /* PBXTargetDependency */,
				11F72E271E9B56AC0028151E /* PBXTargetDependency */,
			);
			name = ZKBrowser;
			productName = ZKBrowser;
			productReference = B608AD591DFBE00C008C0010 /* ZKBrowser.app */;
			productType = "com.apple.product-type.application";
		};
/* End PBXNativeTarget section */

/* Begin PBXProject section */
		B608AD511DFBE00C008C0010 /* Project object */ = {
			isa = PBXProject;
			attributes = {
				LastUpgradeCheck = 0820;
				ORGANIZATIONNAME = "周桐";
				TargetAttributes = {
					11F72E021E9B416C0028151E = {
						CreatedOnToolsVersion = 8.2;
						DevelopmentTeam = 92K4P4ND55;
						ProvisioningStyle = Automatic;
						SystemCapabilities = {
							com.apple.ApplicationGroups.iOS = {
								enabled = 1;
							};
						};
					};
					11F72E191E9B56AC0028151E = {
						CreatedOnToolsVersion = 8.2;
						DevelopmentTeam = 92K4P4ND55;
						ProvisioningStyle = Automatic;
						SystemCapabilities = {
							com.apple.ApplicationGroups.iOS = {
								enabled = 1;
							};
						};
					};
					B608AD581DFBE00C008C0010 = {
						CreatedOnToolsVersion = 8.0;
						DevelopmentTeam = 92K4P4ND55;
						ProvisioningStyle = Automatic;
						SystemCapabilities = {
							com.apple.ApplicationGroups.iOS = {
								enabled = 1;
							};
						};
					};
				};
			};
			buildConfigurationList = B608AD541DFBE00C008C0010 /* Build configuration list for PBXProject "ZKBrowser" */;
			compatibilityVersion = "Xcode 3.2";
			developmentRegion = English;
			hasScannedForEncodings = 0;
			knownRegions = (
				en,
				Base,
			);
			mainGroup = B608AD501DFBE00C008C0010;
			productRefGroup = B608AD5A1DFBE00C008C0010 /* Products */;
			projectDirPath = "";
			projectRoot = "";
			targets = (
				B608AD581DFBE00C008C0010 /* ZKBrowser */,
				11F72E021E9B416C0028151E /* ZKBrowserTodayExtension */,
				11F72E191E9B56AC0028151E /* ZKBrowseriMessageExtension */,
			);
		};
/* End PBXProject section */

/* Begin PBXResourcesBuildPhase section */
		11F72E011E9B416C0028151E /* Resources */ = {
			isa = PBXResourcesBuildPhase;
			buildActionMask = 2147483647;
			files = (
				11F72E0C1E9B416C0028151E /* MainInterface.storyboard in Resources */,
			);
			runOnlyForDeploymentPostprocessing = 0;
		};
		11F72E181E9B56AC0028151E /* Resources */ = {
			isa = PBXResourcesBuildPhase;
			buildActionMask = 2147483647;
			files = (
				115209981E9B8AE20043E671 /* Assets.xcassets in Resources */,
				115209391E9B86B40043E671 /* AddressView.xib in Resources */,
				11F72E241E9B56AC0028151E /* Assets.xcassets in Resources */,
				115209A81E9B9E5E0043E671 /* ButtonView.xib in Resources */,
				11F72E221E9B56AC0028151E /* MainInterface.storyboard in Resources */,
			);
			runOnlyForDeploymentPostprocessing = 0;
		};
		B608AD571DFBE00C008C0010 /* Resources */ = {
			isa = PBXResourcesBuildPhase;
			buildActionMask = 2147483647;
			files = (
				112C5E1A1E373B290047DFB4 /* ContextMenu.js in Resources */,
				112C5E601E3844640047DFB4 /* getElementFromPoint.js in Resources */,
				B608AD6C1DFBE00C008C0010 /* LaunchScreen.storyboard in Resources */,
				B608AD691DFBE00C008C0010 /* Assets.xcassets in Resources */,
			);
			runOnlyForDeploymentPostprocessing = 0;
		};
/* End PBXResourcesBuildPhase section */

/* Begin PBXSourcesBuildPhase section */
		11F72DFF1E9B416C0028151E /* Sources */ = {
			isa = PBXSourcesBuildPhase;
			buildActionMask = 2147483647;
			files = (
				1152097E1E9B89880043E671 /* MASCompositeConstraint.m in Sources */,
				115209841E9B89880043E671 /* MASConstraintMaker.m in Sources */,
				115209931E9B89880043E671 /* NSLayoutConstraint+MASDebugAdditions.m in Sources */,
				115209871E9B89880043E671 /* MASLayoutConstraint.m in Sources */,
				11F72E091E9B416C0028151E /* TodayViewController.m in Sources */,
				115209901E9B89880043E671 /* NSArray+MASAdditions.m in Sources */,
				1152098D1E9B89880043E671 /* MASViewConstraint.m in Sources */,
				115209811E9B89880043E671 /* MASConstraint.m in Sources */,
				115209961E9B89880043E671 /* View+MASAdditions.m in Sources */,
				1152098A1E9B89880043E671 /* MASViewAttribute.m in Sources */,
			);
			runOnlyForDeploymentPostprocessing = 0;
		};
		11F72E161E9B56AC0028151E /* Sources */ = {
			isa = PBXSourcesBuildPhase;
			buildActionMask = 2147483647;
			files = (
				115209851E9B89880043E671 /* MASConstraintMaker.m in Sources */,
				115209BF1E9CA7C30043E671 /* ZTDetection.m in Sources */,
				1152093B1E9B86B40043E671 /* ZTAddressView.m in Sources */,
				1152093A1E9B86B40043E671 /* ZTAddressBar.m in Sources */,
				115209821E9B89880043E671 /* MASConstraint.m in Sources */,
				115209A71E9B9E5E0043E671 /* ButtonView.m in Sources */,
				115209881E9B89880043E671 /* MASLayoutConstraint.m in Sources */,
				115209911E9B89880043E671 /* NSArray+MASAdditions.m in Sources */,
				1152098E1E9B89880043E671 /* MASViewConstraint.m in Sources */,
				1152098B1E9B89880043E671 /* MASViewAttribute.m in Sources */,
				115209971E9B89880043E671 /* View+MASAdditions.m in Sources */,
				115209BC1E9CA4B30043E671 /* ZTListTableViewController.m in Sources */,
				115209B81E9CA4900043E671 /* ZTWebViewController.m in Sources */,
				11F72E1F1E9B56AC0028151E /* MessagesViewController.m in Sources */,
				1152093C1E9B86B40043E671 /* ZTPickEngineView.m in Sources */,
				1152097F1E9B89880043E671 /* MASCompositeConstraint.m in Sources */,
				115209941E9B89880043E671 /* NSLayoutConstraint+MASDebugAdditions.m in Sources */,
			);
			runOnlyForDeploymentPostprocessing = 0;
		};
		B608AD551DFBE00C008C0010 /* Sources */ = {
			isa = PBXSourcesBuildPhase;
			buildActionMask = 2147483647;
			files = (
				1152098F1E9B89880043E671 /* NSArray+MASAdditions.m in Sources */,
				118FB1721E35BEB800A50698 /* VerticalLayout.m in Sources */,
				118FB19C1E35F91900A50698 /* NSObject+Description.m in Sources */,
				115209921E9B89880043E671 /* NSLayoutConstraint+MASDebugAdditions.m in Sources */,
				118FB16F1E35BEB800A50698 /* MyButton.m in Sources */,
				118FB1A01E3600FD00A50698 /* WebVC.m in Sources */,
				118FB1A41E36010600A50698 /* SmallWebView.m in Sources */,
				115209831E9B89880043E671 /* MASConstraintMaker.m in Sources */,
				115209951E9B89880043E671 /* View+MASAdditions.m in Sources */,
				118FB1A91E36021300A50698 /* CodeRecoder.m in Sources */,
				115209801E9B89880043E671 /* MASConstraint.m in Sources */,
				118FB18C1E35BEC200A50698 /* WebPagesVC.m in Sources */,
				1152098C1E9B89880043E671 /* MASViewConstraint.m in Sources */,
				118FB1911E35BEC200A50698 /* WebViewDelegate.m in Sources */,
				118FB18B1E35BEC200A50698 /* PagesFunctionView.m in Sources */,
				118FB1AC1E3613F400A50698 /* InputAccessory.m in Sources */,
				118FB1701E35BEB800A50698 /* VerticalCollectionView.m in Sources */,
				118FB18D1E35BEC200A50698 /* FunctionView.m in Sources */,
				118FB18E1E35BEC200A50698 /* SettingBtnView.m in Sources */,
				118FB1711E35BEB800A50698 /* VerticalCollectionViewCell.m in Sources */,
				118FB16E1E35BEB800A50698 /* SetUpAboutKeyboard.m in Sources */,
				115209861E9B89880043E671 /* MASLayoutConstraint.m in Sources */,
				118FB1971E35F8C200A50698 /* SpotlightUtil.m in Sources */,
				1152097D1E9B89880043E671 /* MASCompositeConstraint.m in Sources */,
				118FB1901E35BEC200A50698 /* WebView.m in Sources */,
				118FB1931E35BEC200A50698 /* AddressView.m in Sources */,
				B608AD611DFBE00C008C0010 /* AppDelegate.m in Sources */,
				118FB19D1E35F91900A50698 /* UIResponder+FindFirstResponder.m in Sources */,
				B608AD5E1DFBE00C008C0010 /* main.m in Sources */,
				115209891E9B89880043E671 /* MASViewAttribute.m in Sources */,
			);
			runOnlyForDeploymentPostprocessing = 0;
		};
/* End PBXSourcesBuildPhase section */

/* Begin PBXTargetDependency section */
		11F72E0F1E9B416C0028151E /* PBXTargetDependency */ = {
			isa = PBXTargetDependency;
			target = 11F72E021E9B416C0028151E /* ZKBrowserTodayExtension */;
			targetProxy = 11F72E0E1E9B416C0028151E /* PBXContainerItemProxy */;
		};
		11F72E271E9B56AC0028151E /* PBXTargetDependency */ = {
			isa = PBXTargetDependency;
			target = 11F72E191E9B56AC0028151E /* ZKBrowseriMessageExtension */;
			targetProxy = 11F72E261E9B56AC0028151E /* PBXContainerItemProxy */;
		};
/* End PBXTargetDependency section */

/* Begin PBXVariantGroup section */
		11F72E0A1E9B416C0028151E /* MainInterface.storyboard */ = {
			isa = PBXVariantGroup;
			children = (
				11F72E0B1E9B416C0028151E /* Base */,
			);
			name = MainInterface.storyboard;
			sourceTree = "<group>";
		};
		11F72E201E9B56AC0028151E /* MainInterface.storyboard */ = {
			isa = PBXVariantGroup;
			children = (
				11F72E211E9B56AC0028151E /* Base */,
			);
			name = MainInterface.storyboard;
			sourceTree = "<group>";
		};
		B608AD6A1DFBE00C008C0010 /* LaunchScreen.storyboard */ = {
			isa = PBXVariantGroup;
			children = (
				B608AD6B1DFBE00C008C0010 /* Base */,
			);
			name = LaunchScreen.storyboard;
			sourceTree = "<group>";
		};
/* End PBXVariantGroup section */

/* Begin XCBuildConfiguration section */
		11F72E121E9B416C0028151E /* Debug */ = {
			isa = XCBuildConfiguration;
			buildSettings = {
				CODE_SIGN_ENTITLEMENTS = ZKBrowserTodayExtension/ZKBrowserTodayExtension.entitlements;
				DEVELOPMENT_TEAM = 92K4P4ND55;
				INFOPLIST_FILE = ZKBrowserTodayExtension/Info.plist;
				IPHONEOS_DEPLOYMENT_TARGET = 10.2;
				LD_RUNPATH_SEARCH_PATHS = "$(inherited) @executable_path/Frameworks @executable_path/../../Frameworks";
				PRODUCT_BUNDLE_IDENTIFIER = Ted.ZKBrowser.ZKBrowserTodayExtension;
				PRODUCT_NAME = "$(TARGET_NAME)";
				SKIP_INSTALL = YES;
			};
			name = Debug;
		};
		11F72E131E9B416C0028151E /* Release */ = {
			isa = XCBuildConfiguration;
			buildSettings = {
				CODE_SIGN_ENTITLEMENTS = ZKBrowserTodayExtension/ZKBrowserTodayExtension.entitlements;
				DEVELOPMENT_TEAM = 92K4P4ND55;
				INFOPLIST_FILE = ZKBrowserTodayExtension/Info.plist;
				IPHONEOS_DEPLOYMENT_TARGET = 10.2;
				LD_RUNPATH_SEARCH_PATHS = "$(inherited) @executable_path/Frameworks @executable_path/../../Frameworks";
				PRODUCT_BUNDLE_IDENTIFIER = Ted.ZKBrowser.ZKBrowserTodayExtension;
				PRODUCT_NAME = "$(TARGET_NAME)";
				SKIP_INSTALL = YES;
			};
			name = Release;
		};
		11F72E2A1E9B56AC0028151E /* Debug */ = {
			isa = XCBuildConfiguration;
			buildSettings = {
				ASSETCATALOG_COMPILER_APPICON_NAME = "iMessage App Icon";
				CODE_SIGN_ENTITLEMENTS = ZKBrowseriMessageExtension/ZKBrowseriMessageExtension.entitlements;
				DEVELOPMENT_TEAM = 92K4P4ND55;
				INFOPLIST_FILE = ZKBrowseriMessageExtension/Info.plist;
				IPHONEOS_DEPLOYMENT_TARGET = 10.2;
				LD_RUNPATH_SEARCH_PATHS = "$(inherited) @executable_path/Frameworks @executable_path/../../Frameworks";
				PRODUCT_BUNDLE_IDENTIFIER = Ted.ZKBrowser.ZKBrowseriMessageExtension;
				PRODUCT_NAME = "$(TARGET_NAME)";
				SKIP_INSTALL = YES;
			};
			name = Debug;
		};
		11F72E2B1E9B56AC0028151E /* Release */ = {
			isa = XCBuildConfiguration;
			buildSettings = {
				ASSETCATALOG_COMPILER_APPICON_NAME = "iMessage App Icon";
				CODE_SIGN_ENTITLEMENTS = ZKBrowseriMessageExtension/ZKBrowseriMessageExtension.entitlements;
				DEVELOPMENT_TEAM = 92K4P4ND55;
				INFOPLIST_FILE = ZKBrowseriMessageExtension/Info.plist;
				IPHONEOS_DEPLOYMENT_TARGET = 10.2;
				LD_RUNPATH_SEARCH_PATHS = "$(inherited) @executable_path/Frameworks @executable_path/../../Frameworks";
				PRODUCT_BUNDLE_IDENTIFIER = Ted.ZKBrowser.ZKBrowseriMessageExtension;
				PRODUCT_NAME = "$(TARGET_NAME)";
				SKIP_INSTALL = YES;
			};
			name = Release;
		};
		B608AD6E1DFBE00C008C0010 /* Debug */ = {
			isa = XCBuildConfiguration;
			buildSettings = {
				ALWAYS_SEARCH_USER_PATHS = NO;
				CLANG_ANALYZER_NONNULL = YES;
				CLANG_CXX_LANGUAGE_STANDARD = "gnu++0x";
				CLANG_CXX_LIBRARY = "libc++";
				CLANG_ENABLE_MODULES = YES;
				CLANG_ENABLE_OBJC_ARC = YES;
				CLANG_WARN_BOOL_CONVERSION = YES;
				CLANG_WARN_CONSTANT_CONVERSION = YES;
				CLANG_WARN_DIRECT_OBJC_ISA_USAGE = YES_ERROR;
				CLANG_WARN_DOCUMENTATION_COMMENTS = YES;
				CLANG_WARN_EMPTY_BODY = YES;
				CLANG_WARN_ENUM_CONVERSION = YES;
				CLANG_WARN_INFINITE_RECURSION = YES;
				CLANG_WARN_INT_CONVERSION = YES;
				CLANG_WARN_OBJC_ROOT_CLASS = YES_ERROR;
				CLANG_WARN_SUSPICIOUS_MOVE = YES;
				CLANG_WARN_SUSPICIOUS_MOVES = YES;
				CLANG_WARN_UNREACHABLE_CODE = YES;
				CLANG_WARN__DUPLICATE_METHOD_MATCH = YES;
				"CODE_SIGN_IDENTITY[sdk=iphoneos*]" = "iPhone Developer";
				COPY_PHASE_STRIP = NO;
				DEBUG_INFORMATION_FORMAT = dwarf;
				ENABLE_STRICT_OBJC_MSGSEND = YES;
				ENABLE_TESTABILITY = YES;
				GCC_C_LANGUAGE_STANDARD = gnu99;
				GCC_DYNAMIC_NO_PIC = NO;
				GCC_NO_COMMON_BLOCKS = YES;
				GCC_OPTIMIZATION_LEVEL = 0;
				GCC_PREPROCESSOR_DEFINITIONS = (
					"DEBUG=1",
					"$(inherited)",
				);
				GCC_WARN_64_TO_32_BIT_CONVERSION = YES;
				GCC_WARN_ABOUT_RETURN_TYPE = YES_ERROR;
				GCC_WARN_UNDECLARED_SELECTOR = YES;
				GCC_WARN_UNINITIALIZED_AUTOS = YES_AGGRESSIVE;
				GCC_WARN_UNUSED_FUNCTION = YES;
				GCC_WARN_UNUSED_VARIABLE = YES;
				IPHONEOS_DEPLOYMENT_TARGET = 10.0;
				MTL_ENABLE_DEBUG_INFO = YES;
				ONLY_ACTIVE_ARCH = YES;
				SDKROOT = iphoneos;
			};
			name = Debug;
		};
		B608AD6F1DFBE00C008C0010 /* Release */ = {
			isa = XCBuildConfiguration;
			buildSettings = {
				ALWAYS_SEARCH_USER_PATHS = NO;
				CLANG_ANALYZER_NONNULL = YES;
				CLANG_CXX_LANGUAGE_STANDARD = "gnu++0x";
				CLANG_CXX_LIBRARY = "libc++";
				CLANG_ENABLE_MODULES = YES;
				CLANG_ENABLE_OBJC_ARC = YES;
				CLANG_WARN_BOOL_CONVERSION = YES;
				CLANG_WARN_CONSTANT_CONVERSION = YES;
				CLANG_WARN_DIRECT_OBJC_ISA_USAGE = YES_ERROR;
				CLANG_WARN_DOCUMENTATION_COMMENTS = YES;
				CLANG_WARN_EMPTY_BODY = YES;
				CLANG_WARN_ENUM_CONVERSION = YES;
				CLANG_WARN_INFINITE_RECURSION = YES;
				CLANG_WARN_INT_CONVERSION = YES;
				CLANG_WARN_OBJC_ROOT_CLASS = YES_ERROR;
				CLANG_WARN_SUSPICIOUS_MOVE = YES;
				CLANG_WARN_SUSPICIOUS_MOVES = YES;
				CLANG_WARN_UNREACHABLE_CODE = YES;
				CLANG_WARN__DUPLICATE_METHOD_MATCH = YES;
				"CODE_SIGN_IDENTITY[sdk=iphoneos*]" = "iPhone Developer";
				COPY_PHASE_STRIP = NO;
				DEBUG_INFORMATION_FORMAT = "dwarf-with-dsym";
				ENABLE_NS_ASSERTIONS = NO;
				ENABLE_STRICT_OBJC_MSGSEND = YES;
				GCC_C_LANGUAGE_STANDARD = gnu99;
				GCC_NO_COMMON_BLOCKS = YES;
				GCC_WARN_64_TO_32_BIT_CONVERSION = YES;
				GCC_WARN_ABOUT_RETURN_TYPE = YES_ERROR;
				GCC_WARN_UNDECLARED_SELECTOR = YES;
				GCC_WARN_UNINITIALIZED_AUTOS = YES_AGGRESSIVE;
				GCC_WARN_UNUSED_FUNCTION = YES;
				GCC_WARN_UNUSED_VARIABLE = YES;
				IPHONEOS_DEPLOYMENT_TARGET = 10.0;
				MTL_ENABLE_DEBUG_INFO = NO;
				SDKROOT = iphoneos;
				VALIDATE_PRODUCT = YES;
			};
			name = Release;
		};
		B608AD711DFBE00C008C0010 /* Debug */ = {
			isa = XCBuildConfiguration;
			buildSettings = {
				ASSETCATALOG_COMPILER_APPICON_NAME = AppIcon;
				CODE_SIGN_ENTITLEMENTS = ZKBrowser/ZKBrowser.entitlements;
				DEVELOPMENT_TEAM = 92K4P4ND55;
				INFOPLIST_FILE = ZKBrowser/Info.plist;
				LD_RUNPATH_SEARCH_PATHS = "$(inherited) @executable_path/Frameworks";
				PRODUCT_BUNDLE_IDENTIFIER = Ted.ZKBrowser;
				PRODUCT_NAME = "$(TARGET_NAME)";
			};
			name = Debug;
		};
		B608AD721DFBE00C008C0010 /* Release */ = {
			isa = XCBuildConfiguration;
			buildSettings = {
				ASSETCATALOG_COMPILER_APPICON_NAME = AppIcon;
				CODE_SIGN_ENTITLEMENTS = ZKBrowser/ZKBrowser.entitlements;
				DEVELOPMENT_TEAM = 92K4P4ND55;
				INFOPLIST_FILE = ZKBrowser/Info.plist;
				LD_RUNPATH_SEARCH_PATHS = "$(inherited) @executable_path/Frameworks";
				PRODUCT_BUNDLE_IDENTIFIER = Ted.ZKBrowser;
				PRODUCT_NAME = "$(TARGET_NAME)";
			};
			name = Release;
		};
/* End XCBuildConfiguration section */

/* Begin XCConfigurationList section */
		11F72E111E9B416C0028151E /* Build configuration list for PBXNativeTarget "ZKBrowserTodayExtension" */ = {
			isa = XCConfigurationList;
			buildConfigurations = (
				11F72E121E9B416C0028151E /* Debug */,
				11F72E131E9B416C0028151E /* Release */,
			);
			defaultConfigurationIsVisible = 0;
			defaultConfigurationName = Release;
		};
		11F72E291E9B56AC0028151E /* Build configuration list for PBXNativeTarget "ZKBrowseriMessageExtension" */ = {
			isa = XCConfigurationList;
			buildConfigurations = (
				11F72E2A1E9B56AC0028151E /* Debug */,
				11F72E2B1E9B56AC0028151E /* Release */,
			);
			defaultConfigurationIsVisible = 0;
			defaultConfigurationName = Release;
		};
		B608AD541DFBE00C008C0010 /* Build configuration list for PBXProject "ZKBrowser" */ = {
			isa = XCConfigurationList;
			buildConfigurations = (
				B608AD6E1DFBE00C008C0010 /* Debug */,
				B608AD6F1DFBE00C008C0010 /* Release */,
			);
			defaultConfigurationIsVisible = 0;
			defaultConfigurationName = Release;
		};
		B608AD701DFBE00C008C0010 /* Build configuration list for PBXNativeTarget "ZKBrowser" */ = {
			isa = XCConfigurationList;
			buildConfigurations = (
				B608AD711DFBE00C008C0010 /* Debug */,
				B608AD721DFBE00C008C0010 /* Release */,
			);
			defaultConfigurationIsVisible = 0;
			defaultConfigurationName = Release;
		};
/* End XCConfigurationList section */
	};
	rootObject = B608AD511DFBE00C008C0010 /* Project object */;
}
